
Microsoft Visual Studio Solution File, Format Version 12.00
# Visual Studio Version 17
VisualStudioVersion = 17.7.34031.279
MinimumVisualStudioVersion = 10.0.40219.1
Project("{8BC9CEB8-8B4A-11D0-8D11-00A0C91BC942}") = "Bai001", "Bai001\Bai001.vcxproj", "{7320BFA1-A64F-4E7C-8B4E-A8F2F6DA6E5F}"
EndProject
Project("{8BC9CEB8-8B4A-11D0-8D11-00A0C91BC942}") = "Bai005", "Bai005\Bai005.vcxproj", "{D0200816-6D2F-403D-AA65-6BFFC14AA851}"
EndProject
Project("{8BC9CEB8-8B4A-11D0-8D11-00A0C91BC942}") = "Bai011", "Bai011\Bai011.vcxproj", "{DA9D1244-1C49-400A-B994-83E892365BD3}"
EndProject
Project("{8BC9CEB8-8B4A-11D0-8D11-00A0C91BC942}") = "Bai017", "Bai017\Bai017.vcxproj", "{DC77ED55-CC93-4919-8374-990A101A4F45}"
EndProject
Project("{8BC9CEB8-8B4A-11D0-8D11-00A0C91BC942}") = "Bai023", "Bai023\Bai023.vcxproj", "{7DFB04CD-02EE-433E-8F7A-48D375151E7B}"
EndProject
Project("{8BC9CEB8-8B4A-11D0-8D11-00A0C91BC942}") = "Bai029", "Bai029\Bai029.vcxproj", "{391EA25A-FDD3-4C56-A0ED-89503E8EFD3A}"
EndProject
Project("{8BC9CEB8-8B4A-11D0-8D11-00A0C91BC942}") = "Bai035", "Bai035\Bai035.vcxproj", "{25FE6C50-C58C-4F43-B0AF-1493E1298D71}"
EndProject
Project("{8BC9CEB8-8B4A-11D0-8D11-00A0C91BC942}") = "Bai041", "Bai041\Bai041.vcxproj", "{2A4CE75C-0F19-4DBF-98A2-C5BAD11D2E00}"
EndProject
Project("{8BC9CEB8-8B4A-11D0-8D11-00A0C91BC942}") = "Bai047", "Bai047\Bai047.vcxproj", "{F2489381-43DA-4687-B4A2-82A84C698BD7}"
EndProject
Project("{8BC9CEB8-8B4A-11D0-8D11-00A0C91BC942}") = "Bai053", "Bai053\Bai053.vcxproj", "{F35A7459-2290-4FB8-B424-2D9ADD54C3AC}"
EndProject
Project("{8BC9CEB8-8B4A-11D0-8D11-00A0C91BC942}") = "Bai059", "Bai059\Bai059.vcxproj", "{07D6AAD8-C698-43CF-A886-95297F7B78BB}"
EndProject
Project("{8BC9CEB8-8B4A-11D0-8D11-00A0C91BC942}") = "Bai065", "Bai065\Bai065.vcxproj", "{E6B1238B-77A8-4A79-9E57-B9804A47B921}"
EndProject
Project("{8BC9CEB8-8B4A-11D0-8D11-00A0C91BC942}") = "Bai071", "Bai071\Bai071.vcxproj", "{52780D85-B4FE-4EA0-85FB-2F61E7AB5A9B}"
EndProject
Project("{8BC9CEB8-8B4A-11D0-8D11-00A0C91BC942}") = "Bai077", "Bai077\Bai077.vcxproj", "{0A20CADF-783B-43E8-9F84-876B62ED69AA}"
EndProject
Project("{8BC9CEB8-8B4A-11D0-8D11-00A0C91BC942}") = "Bai083", "Bai083\Bai083.vcxproj", "{50D8B1B6-E370-47F0-80DF-7E18C50C92B6}"
EndProject
Project("{8BC9CEB8-8B4A-11D0-8D11-00A0C91BC942}") = "Bai089", "Bai089\Bai089.vcxproj", "{78447D3E-B290-4FD3-BF19-FB40B826C6F9}"
EndProject
Project("{8BC9CEB8-8B4A-11D0-8D11-00A0C91BC942}") = "Bai095", "Bai095\Bai095.vcxproj", "{A6233A62-EB1F-4A6A-9838-FE700F56AA3D}"
EndProject
Project("{8BC9CEB8-8B4A-11D0-8D11-00A0C91BC942}") = "Bai101", "Bai101\Bai101.vcxproj", "{32AF832F-5780-45BA-9F26-FF1D30D2DD2D}"
EndProject
Project("{8BC9CEB8-8B4A-11D0-8D11-00A0C91BC942}") = "Bai107", "Bai107\Bai107.vcxproj", "{7C7F3A4E-9FED-406C-B2DF-81CB1951BE11}"
EndProject
Project("{8BC9CEB8-8B4A-11D0-8D11-00A0C91BC942}") = "Bai113", "Bai113\Bai113.vcxproj", "{037227DA-0040-4D35-9061-80681ACECE11}"
EndProject
Project("{8BC9CEB8-8B4A-11D0-8D11-00A0C91BC942}") = "Bai119", "Bai119\Bai119.vcxproj", "{08EFD3B8-6497-405C-A3D4-D6980B8F4803}"
EndProject
Project("{8BC9CEB8-8B4A-11D0-8D11-00A0C91BC942}") = "Bai125", "Bai125\Bai125.vcxproj", "{A038B6B5-0A29-4CE4-BF8A-4384AD5835D9}"
EndProject
Project("{8BC9CEB8-8B4A-11D0-8D11-00A0C91BC942}") = "Bai131", "Bai131\Bai131.vcxproj", "{9292CE44-25BD-478A-A31A-B691926B5335}"
EndProject
Project("{8BC9CEB8-8B4A-11D0-8D11-00A0C91BC942}") = "Bai137", "Bai137\Bai137.vcxproj", "{3DE6A1ED-53DC-47B8-9B0E-D1809FCA134D}"
EndProject
Project("{8BC9CEB8-8B4A-11D0-8D11-00A0C91BC942}") = "Bai143", "Bai143\Bai143.vcxproj", "{DA10D8E3-7ACA-4A1E-9630-A8F31E160078}"
EndProject
Project("{8BC9CEB8-8B4A-11D0-8D11-00A0C91BC942}") = "Bai149", "Bai149\Bai149.vcxproj", "{D8E2BAB1-1AA2-4E6D-B1AC-F56BF9DDB619}"
EndProject
Project("{8BC9CEB8-8B4A-11D0-8D11-00A0C91BC942}") = "Bai155", "Bai155\Bai155.vcxproj", "{B2033F69-8524-4873-B721-13941E81AC5C}"
EndProject
Project("{8BC9CEB8-8B4A-11D0-8D11-00A0C91BC942}") = "Bai161", "Bai161\Bai161.vcxproj", "{84A14428-743D-4E4A-BEE3-4EB6E951346F}"
EndProject
Project("{8BC9CEB8-8B4A-11D0-8D11-00A0C91BC942}") = "Bai167", "Bai167\Bai167.vcxproj", "{6AC4EB23-2BC9-4DE6-A5C0-0F24E1B9419D}"
EndProject
Global
	GlobalSection(SolutionConfigurationPlatforms) = preSolution
		Debug|x64 = Debug|x64
		Debug|x86 = Debug|x86
		Release|x64 = Release|x64
		Release|x86 = Release|x86
	EndGlobalSection
	GlobalSection(ProjectConfigurationPlatforms) = postSolution
		{7320BFA1-A64F-4E7C-8B4E-A8F2F6DA6E5F}.Debug|x64.ActiveCfg = Debug|x64
		{7320BFA1-A64F-4E7C-8B4E-A8F2F6DA6E5F}.Debug|x64.Build.0 = Debug|x64
		{7320BFA1-A64F-4E7C-8B4E-A8F2F6DA6E5F}.Debug|x86.ActiveCfg = Debug|Win32
		{7320BFA1-A64F-4E7C-8B4E-A8F2F6DA6E5F}.Debug|x86.Build.0 = Debug|Win32
		{7320BFA1-A64F-4E7C-8B4E-A8F2F6DA6E5F}.Release|x64.ActiveCfg = Release|x64
		{7320BFA1-A64F-4E7C-8B4E-A8F2F6DA6E5F}.Release|x64.Build.0 = Release|x64
		{7320BFA1-A64F-4E7C-8B4E-A8F2F6DA6E5F}.Release|x86.ActiveCfg = Release|Win32
		{7320BFA1-A64F-4E7C-8B4E-A8F2F6DA6E5F}.Release|x86.Build.0 = Release|Win32
		{D0200816-6D2F-403D-AA65-6BFFC14AA851}.Debug|x64.ActiveCfg = Debug|x64
		{D0200816-6D2F-403D-AA65-6BFFC14AA851}.Debug|x64.Build.0 = Debug|x64
		{D0200816-6D2F-403D-AA65-6BFFC14AA851}.Debug|x86.ActiveCfg = Debug|Win32
		{D0200816-6D2F-403D-AA65-6BFFC14AA851}.Debug|x86.Build.0 = Debug|Win32
		{D0200816-6D2F-403D-AA65-6BFFC14AA851}.Release|x64.ActiveCfg = Release|x64
		{D0200816-6D2F-403D-AA65-6BFFC14AA851}.Release|x64.Build.0 = Release|x64
		{D0200816-6D2F-403D-AA65-6BFFC14AA851}.Release|x86.ActiveCfg = Release|Win32
		{D0200816-6D2F-403D-AA65-6BFFC14AA851}.Release|x86.Build.0 = Release|Win32
		{DA9D1244-1C49-400A-B994-83E892365BD3}.Debug|x64.ActiveCfg = Debug|x64
		{DA9D1244-1C49-400A-B994-83E892365BD3}.Debug|x64.Build.0 = Debug|x64
		{DA9D1244-1C49-400A-B994-83E892365BD3}.Debug|x86.ActiveCfg = Debug|Win32
		{DA9D1244-1C49-400A-B994-83E892365BD3}.Debug|x86.Build.0 = Debug|Win32
		{DA9D1244-1C49-400A-B994-83E892365BD3}.Release|x64.ActiveCfg = Release|x64
		{DA9D1244-1C49-400A-B994-83E892365BD3}.Release|x64.Build.0 = Release|x64
		{DA9D1244-1C49-400A-B994-83E892365BD3}.Release|x86.ActiveCfg = Release|Win32
		{DA9D1244-1C49-400A-B994-83E892365BD3}.Release|x86.Build.0 = Release|Win32
		{DC77ED55-CC93-4919-8374-990A101A4F45}.Debug|x64.ActiveCfg = Debug|x64
		{DC77ED55-CC93-4919-8374-990A101A4F45}.Debug|x64.Build.0 = Debug|x64
		{DC77ED55-CC93-4919-8374-990A101A4F45}.Debug|x86.ActiveCfg = Debug|Win32
		{DC77ED55-CC93-4919-8374-990A101A4F45}.Debug|x86.Build.0 = Debug|Win32
		{DC77ED55-CC93-4919-8374-990A101A4F45}.Release|x64.ActiveCfg = Release|x64
		{DC77ED55-CC93-4919-8374-990A101A4F45}.Release|x64.Build.0 = Release|x64
		{DC77ED55-CC93-4919-8374-990A101A4F45}.Release|x86.ActiveCfg = Release|Win32
		{DC77ED55-CC93-4919-8374-990A101A4F45}.Release|x86.Build.0 = Release|Win32
		{7DFB04CD-02EE-433E-8F7A-48D375151E7B}.Debug|x64.ActiveCfg = Debug|x64
		{7DFB04CD-02EE-433E-8F7A-48D375151E7B}.Debug|x64.Build.0 = Debug|x64
		{7DFB04CD-02EE-433E-8F7A-48D375151E7B}.Debug|x86.ActiveCfg = Debug|Win32
		{7DFB04CD-02EE-433E-8F7A-48D375151E7B}.Debug|x86.Build.0 = Debug|Win32
		{7DFB04CD-02EE-433E-8F7A-48D375151E7B}.Release|x64.ActiveCfg = Release|x64
		{7DFB04CD-02EE-433E-8F7A-48D375151E7B}.Release|x64.Build.0 = Release|x64
		{7DFB04CD-02EE-433E-8F7A-48D375151E7B}.Release|x86.ActiveCfg = Release|Win32
		{7DFB04CD-02EE-433E-8F7A-48D375151E7B}.Release|x86.Build.0 = Release|Win32
		{391EA25A-FDD3-4C56-A0ED-89503E8EFD3A}.Debug|x64.ActiveCfg = Debug|x64
		{391EA25A-FDD3-4C56-A0ED-89503E8EFD3A}.Debug|x64.Build.0 = Debug|x64
		{391EA25A-FDD3-4C56-A0ED-89503E8EFD3A}.Debug|x86.ActiveCfg = Debug|Win32
		{391EA25A-FDD3-4C56-A0ED-89503E8EFD3A}.Debug|x86.Build.0 = Debug|Win32
		{391EA25A-FDD3-4C56-A0ED-89503E8EFD3A}.Release|x64.ActiveCfg = Release|x64
		{391EA25A-FDD3-4C56-A0ED-89503E8EFD3A}.Release|x64.Build.0 = Release|x64
		{391EA25A-FDD3-4C56-A0ED-89503E8EFD3A}.Release|x86.ActiveCfg = Release|Win32
		{391EA25A-FDD3-4C56-A0ED-89503E8EFD3A}.Release|x86.Build.0 = Release|Win32
		{25FE6C50-C58C-4F43-B0AF-1493E1298D71}.Debug|x64.ActiveCfg = Debug|x64
		{25FE6C50-C58C-4F43-B0AF-1493E1298D71}.Debug|x64.Build.0 = Debug|x64
		{25FE6C50-C58C-4F43-B0AF-1493E1298D71}.Debug|x86.ActiveCfg = Debug|Win32
		{25FE6C50-C58C-4F43-B0AF-1493E1298D71}.Debug|x86.Build.0 = Debug|Win32
		{25FE6C50-C58C-4F43-B0AF-1493E1298D71}.Release|x64.ActiveCfg = Release|x64
		{25FE6C50-C58C-4F43-B0AF-1493E1298D71}.Release|x64.Build.0 = Release|x64
		{25FE6C50-C58C-4F43-B0AF-1493E1298D71}.Release|x86.ActiveCfg = Release|Win32
		{25FE6C50-C58C-4F43-B0AF-1493E1298D71}.Release|x86.Build.0 = Release|Win32
		{2A4CE75C-0F19-4DBF-98A2-C5BAD11D2E00}.Debug|x64.ActiveCfg = Debug|x64
		{2A4CE75C-0F19-4DBF-98A2-C5BAD11D2E00}.Debug|x64.Build.0 = Debug|x64
		{2A4CE75C-0F19-4DBF-98A2-C5BAD11D2E00}.Debug|x86.ActiveCfg = Debug|Win32
		{2A4CE75C-0F19-4DBF-98A2-C5BAD11D2E00}.Debug|x86.Build.0 = Debug|Win32
		{2A4CE75C-0F19-4DBF-98A2-C5BAD11D2E00}.Release|x64.ActiveCfg = Release|x64
		{2A4CE75C-0F19-4DBF-98A2-C5BAD11D2E00}.Release|x64.Build.0 = Release|x64
		{2A4CE75C-0F19-4DBF-98A2-C5BAD11D2E00}.Release|x86.ActiveCfg = Release|Win32
		{2A4CE75C-0F19-4DBF-98A2-C5BAD11D2E00}.Release|x86.Build.0 = Release|Win32
		{F2489381-43DA-4687-B4A2-82A84C698BD7}.Debug|x64.ActiveCfg = Debug|x64
		{F2489381-43DA-4687-B4A2-82A84C698BD7}.Debug|x64.Build.0 = Debug|x64
		{F2489381-43DA-4687-B4A2-82A84C698BD7}.Debug|x86.ActiveCfg = Debug|Win32
		{F2489381-43DA-4687-B4A2-82A84C698BD7}.Debug|x86.Build.0 = Debug|Win32
		{F2489381-43DA-4687-B4A2-82A84C698BD7}.Release|x64.ActiveCfg = Release|x64
		{F2489381-43DA-4687-B4A2-82A84C698BD7}.Release|x64.Build.0 = Release|x64
		{F2489381-43DA-4687-B4A2-82A84C698BD7}.Release|x86.ActiveCfg = Release|Win32
		{F2489381-43DA-4687-B4A2-82A84C698BD7}.Release|x86.Build.0 = Release|Win32
		{F35A7459-2290-4FB8-B424-2D9ADD54C3AC}.Debug|x64.ActiveCfg = Debug|x64
		{F35A7459-2290-4FB8-B424-2D9ADD54C3AC}.Debug|x64.Build.0 = Debug|x64
		{F35A7459-2290-4FB8-B424-2D9ADD54C3AC}.Debug|x86.ActiveCfg = Debug|Win32
		{F35A7459-2290-4FB8-B424-2D9ADD54C3AC}.Debug|x86.Build.0 = Debug|Win32
		{F35A7459-2290-4FB8-B424-2D9ADD54C3AC}.Release|x64.ActiveCfg = Release|x64
		{F35A7459-2290-4FB8-B424-2D9ADD54C3AC}.Release|x64.Build.0 = Release|x64
		{F35A7459-2290-4FB8-B424-2D9ADD54C3AC}.Release|x86.ActiveCfg = Release|Win32
		{F35A7459-2290-4FB8-B424-2D9ADD54C3AC}.Release|x86.Build.0 = Release|Win32
		{07D6AAD8-C698-43CF-A886-95297F7B78BB}.Debug|x64.ActiveCfg = Debug|x64
		{07D6AAD8-C698-43CF-A886-95297F7B78BB}.Debug|x64.Build.0 = Debug|x64
		{07D6AAD8-C698-43CF-A886-95297F7B78BB}.Debug|x86.ActiveCfg = Debug|Win32
		{07D6AAD8-C698-43CF-A886-95297F7B78BB}.Debug|x86.Build.0 = Debug|Win32
		{07D6AAD8-C698-43CF-A886-95297F7B78BB}.Release|x64.ActiveCfg = Release|x64
		{07D6AAD8-C698-43CF-A886-95297F7B78BB}.Release|x64.Build.0 = Release|x64
		{07D6AAD8-C698-43CF-A886-95297F7B78BB}.Release|x86.ActiveCfg = Release|Win32
		{07D6AAD8-C698-43CF-A886-95297F7B78BB}.Release|x86.Build.0 = Release|Win32
		{E6B1238B-77A8-4A79-9E57-B9804A47B921}.Debug|x64.ActiveCfg = Debug|x64
		{E6B1238B-77A8-4A79-9E57-B9804A47B921}.Debug|x64.Build.0 = Debug|x64
		{E6B1238B-77A8-4A79-9E57-B9804A47B921}.Debug|x86.ActiveCfg = Debug|Win32
		{E6B1238B-77A8-4A79-9E57-B9804A47B921}.Debug|x86.Build.0 = Debug|Win32
		{E6B1238B-77A8-4A79-9E57-B9804A47B921}.Release|x64.ActiveCfg = Release|x64
		{E6B1238B-77A8-4A79-9E57-B9804A47B921}.Release|x64.Build.0 = Release|x64
		{E6B1238B-77A8-4A79-9E57-B9804A47B921}.Release|x86.ActiveCfg = Release|Win32
		{E6B1238B-77A8-4A79-9E57-B9804A47B921}.Release|x86.Build.0 = Release|Win32
		{52780D85-B4FE-4EA0-85FB-2F61E7AB5A9B}.Debug|x64.ActiveCfg = Debug|x64
		{52780D85-B4FE-4EA0-85FB-2F61E7AB5A9B}.Debug|x64.Build.0 = Debug|x64
		{52780D85-B4FE-4EA0-85FB-2F61E7AB5A9B}.Debug|x86.ActiveCfg = Debug|Win32
		{52780D85-B4FE-4EA0-85FB-2F61E7AB5A9B}.Debug|x86.Build.0 = Debug|Win32
		{52780D85-B4FE-4EA0-85FB-2F61E7AB5A9B}.Release|x64.ActiveCfg = Release|x64
		{52780D85-B4FE-4EA0-85FB-2F61E7AB5A9B}.Release|x64.Build.0 = Release|x64
		{52780D85-B4FE-4EA0-85FB-2F61E7AB5A9B}.Release|x86.ActiveCfg = Release|Win32
		{52780D85-B4FE-4EA0-85FB-2F61E7AB5A9B}.Release|x86.Build.0 = Release|Win32
		{0A20CADF-783B-43E8-9F84-876B62ED69AA}.Debug|x64.ActiveCfg = Debug|x64
		{0A20CADF-783B-43E8-9F84-876B62ED69AA}.Debug|x64.Build.0 = Debug|x64
		{0A20CADF-783B-43E8-9F84-876B62ED69AA}.Debug|x86.ActiveCfg = Debug|Win32
		{0A20CADF-783B-43E8-9F84-876B62ED69AA}.Debug|x86.Build.0 = Debug|Win32
		{0A20CADF-783B-43E8-9F84-876B62ED69AA}.Release|x64.ActiveCfg = Release|x64
		{0A20CADF-783B-43E8-9F84-876B62ED69AA}.Release|x64.Build.0 = Release|x64
		{0A20CADF-783B-43E8-9F84-876B62ED69AA}.Release|x86.ActiveCfg = Release|Win32
		{0A20CADF-783B-43E8-9F84-876B62ED69AA}.Release|x86.Build.0 = Release|Win32
		{50D8B1B6-E370-47F0-80DF-7E18C50C92B6}.Debug|x64.ActiveCfg = Debug|x64
		{50D8B1B6-E370-47F0-80DF-7E18C50C92B6}.Debug|x64.Build.0 = Debug|x64
		{50D8B1B6-E370-47F0-80DF-7E18C50C92B6}.Debug|x86.ActiveCfg = Debug|Win32
		{50D8B1B6-E370-47F0-80DF-7E18C50C92B6}.Debug|x86.Build.0 = Debug|Win32
		{50D8B1B6-E370-47F0-80DF-7E18C50C92B6}.Release|x64.ActiveCfg = Release|x64
		{50D8B1B6-E370-47F0-80DF-7E18C50C92B6}.Release|x64.Build.0 = Release|x64
		{50D8B1B6-E370-47F0-80DF-7E18C50C92B6}.Release|x86.ActiveCfg = Release|Win32
		{50D8B1B6-E370-47F0-80DF-7E18C50C92B6}.Release|x86.Build.0 = Release|Win32
		{78447D3E-B290-4FD3-BF19-FB40B826C6F9}.Debug|x64.ActiveCfg = Debug|x64
		{78447D3E-B290-4FD3-BF19-FB40B826C6F9}.Debug|x64.Build.0 = Debug|x64
		{78447D3E-B290-4FD3-BF19-FB40B826C6F9}.Debug|x86.ActiveCfg = Debug|Win32
		{78447D3E-B290-4FD3-BF19-FB40B826C6F9}.Debug|x86.Build.0 = Debug|Win32
		{78447D3E-B290-4FD3-BF19-FB40B826C6F9}.Release|x64.ActiveCfg = Release|x64
		{78447D3E-B290-4FD3-BF19-FB40B826C6F9}.Release|x64.Build.0 = Release|x64
		{78447D3E-B290-4FD3-BF19-FB40B826C6F9}.Release|x86.ActiveCfg = Release|Win32
		{78447D3E-B290-4FD3-BF19-FB40B826C6F9}.Release|x86.Build.0 = Release|Win32
		{A6233A62-EB1F-4A6A-9838-FE700F56AA3D}.Debug|x64.ActiveCfg = Debug|x64
		{A6233A62-EB1F-4A6A-9838-FE700F56AA3D}.Debug|x64.Build.0 = Debug|x64
		{A6233A62-EB1F-4A6A-9838-FE700F56AA3D}.Debug|x86.ActiveCfg = Debug|Win32
		{A6233A62-EB1F-4A6A-9838-FE700F56AA3D}.Debug|x86.Build.0 = Debug|Win32
		{A6233A62-EB1F-4A6A-9838-FE700F56AA3D}.Release|x64.ActiveCfg = Release|x64
		{A6233A62-EB1F-4A6A-9838-FE700F56AA3D}.Release|x64.Build.0 = Release|x64
		{A6233A62-EB1F-4A6A-9838-FE700F56AA3D}.Release|x86.ActiveCfg = Release|Win32
		{A6233A62-EB1F-4A6A-9838-FE700F56AA3D}.Release|x86.Build.0 = Release|Win32
		{32AF832F-5780-45BA-9F26-FF1D30D2DD2D}.Debug|x64.ActiveCfg = Debug|x64
		{32AF832F-5780-45BA-9F26-FF1D30D2DD2D}.Debug|x64.Build.0 = Debug|x64
		{32AF832F-5780-45BA-9F26-FF1D30D2DD2D}.Debug|x86.ActiveCfg = Debug|Win32
		{32AF832F-5780-45BA-9F26-FF1D30D2DD2D}.Debug|x86.Build.0 = Debug|Win32
		{32AF832F-5780-45BA-9F26-FF1D30D2DD2D}.Release|x64.ActiveCfg = Release|x64
		{32AF832F-5780-45BA-9F26-FF1D30D2DD2D}.Release|x64.Build.0 = Release|x64
		{32AF832F-5780-45BA-9F26-FF1D30D2DD2D}.Release|x86.ActiveCfg = Release|Win32
		{32AF832F-5780-45BA-9F26-FF1D30D2DD2D}.Release|x86.Build.0 = Release|Win32
		{7C7F3A4E-9FED-406C-B2DF-81CB1951BE11}.Debug|x64.ActiveCfg = Debug|x64
		{7C7F3A4E-9FED-406C-B2DF-81CB1951BE11}.Debug|x64.Build.0 = Debug|x64
		{7C7F3A4E-9FED-406C-B2DF-81CB1951BE11}.Debug|x86.ActiveCfg = Debug|Win32
		{7C7F3A4E-9FED-406C-B2DF-81CB1951BE11}.Debug|x86.Build.0 = Debug|Win32
		{7C7F3A4E-9FED-406C-B2DF-81CB1951BE11}.Release|x64.ActiveCfg = Release|x64
		{7C7F3A4E-9FED-406C-B2DF-81CB1951BE11}.Release|x64.Build.0 = Release|x64
		{7C7F3A4E-9FED-406C-B2DF-81CB1951BE11}.Release|x86.ActiveCfg = Release|Win32
		{7C7F3A4E-9FED-406C-B2DF-81CB1951BE11}.Release|x86.Build.0 = Release|Win32
		{037227DA-0040-4D35-9061-80681ACECE11}.Debug|x64.ActiveCfg = Debug|x64
		{037227DA-0040-4D35-9061-80681ACECE11}.Debug|x64.Build.0 = Debug|x64
		{037227DA-0040-4D35-9061-80681ACECE11}.Debug|x86.ActiveCfg = Debug|Win32
		{037227DA-0040-4D35-9061-80681ACECE11}.Debug|x86.Build.0 = Debug|Win32
		{037227DA-0040-4D35-9061-80681ACECE11}.Release|x64.ActiveCfg = Release|x64
		{037227DA-0040-4D35-9061-80681ACECE11}.Release|x64.Build.0 = Release|x64
		{037227DA-0040-4D35-9061-80681ACECE11}.Release|x86.ActiveCfg = Release|Win32
		{037227DA-0040-4D35-9061-80681ACECE11}.Release|x86.Build.0 = Release|Win32
		{08EFD3B8-6497-405C-A3D4-D6980B8F4803}.Debug|x64.ActiveCfg = Debug|x64
		{08EFD3B8-6497-405C-A3D4-D6980B8F4803}.Debug|x64.Build.0 = Debug|x64
		{08EFD3B8-6497-405C-A3D4-D6980B8F4803}.Debug|x86.ActiveCfg = Debug|Win32
		{08EFD3B8-6497-405C-A3D4-D6980B8F4803}.Debug|x86.Build.0 = Debug|Win32
		{08EFD3B8-6497-405C-A3D4-D6980B8F4803}.Release|x64.ActiveCfg = Release|x64
		{08EFD3B8-6497-405C-A3D4-D6980B8F4803}.Release|x64.Build.0 = Release|x64
		{08EFD3B8-6497-405C-A3D4-D6980B8F4803}.Release|x86.ActiveCfg = Release|Win32
		{08EFD3B8-6497-405C-A3D4-D6980B8F4803}.Release|x86.Build.0 = Release|Win32
		{A038B6B5-0A29-4CE4-BF8A-4384AD5835D9}.Debug|x64.ActiveCfg = Debug|x64
		{A038B6B5-0A29-4CE4-BF8A-4384AD5835D9}.Debug|x64.Build.0 = Debug|x64
		{A038B6B5-0A29-4CE4-BF8A-4384AD5835D9}.Debug|x86.ActiveCfg = Debug|Win32
		{A038B6B5-0A29-4CE4-BF8A-4384AD5835D9}.Debug|x86.Build.0 = Debug|Win32
		{A038B6B5-0A29-4CE4-BF8A-4384AD5835D9}.Release|x64.ActiveCfg = Release|x64
		{A038B6B5-0A29-4CE4-BF8A-4384AD5835D9}.Release|x64.Build.0 = Release|x64
		{A038B6B5-0A29-4CE4-BF8A-4384AD5835D9}.Release|x86.ActiveCfg = Release|Win32
		{A038B6B5-0A29-4CE4-BF8A-4384AD5835D9}.Release|x86.Build.0 = Release|Win32
		{9292CE44-25BD-478A-A31A-B691926B5335}.Debug|x64.ActiveCfg = Debug|x64
		{9292CE44-25BD-478A-A31A-B691926B5335}.Debug|x64.Build.0 = Debug|x64
		{9292CE44-25BD-478A-A31A-B691926B5335}.Debug|x86.ActiveCfg = Debug|Win32
		{9292CE44-25BD-478A-A31A-B691926B5335}.Debug|x86.Build.0 = Debug|Win32
		{9292CE44-25BD-478A-A31A-B691926B5335}.Release|x64.ActiveCfg = Release|x64
		{9292CE44-25BD-478A-A31A-B691926B5335}.Release|x64.Build.0 = Release|x64
		{9292CE44-25BD-478A-A31A-B691926B5335}.Release|x86.ActiveCfg = Release|Win32
		{9292CE44-25BD-478A-A31A-B691926B5335}.Release|x86.Build.0 = Release|Win32
		{3DE6A1ED-53DC-47B8-9B0E-D1809FCA134D}.Debug|x64.ActiveCfg = Debug|x64
		{3DE6A1ED-53DC-47B8-9B0E-D1809FCA134D}.Debug|x64.Build.0 = Debug|x64
		{3DE6A1ED-53DC-47B8-9B0E-D1809FCA134D}.Debug|x86.ActiveCfg = Debug|Win32
		{3DE6A1ED-53DC-47B8-9B0E-D1809FCA134D}.Debug|x86.Build.0 = Debug|Win32
		{3DE6A1ED-53DC-47B8-9B0E-D1809FCA134D}.Release|x64.ActiveCfg = Release|x64
		{3DE6A1ED-53DC-47B8-9B0E-D1809FCA134D}.Release|x64.Build.0 = Release|x64
		{3DE6A1ED-53DC-47B8-9B0E-D1809FCA134D}.Release|x86.ActiveCfg = Release|Win32
		{3DE6A1ED-53DC-47B8-9B0E-D1809FCA134D}.Release|x86.Build.0 = Release|Win32
		{DA10D8E3-7ACA-4A1E-9630-A8F31E160078}.Debug|x64.ActiveCfg = Debug|x64
		{DA10D8E3-7ACA-4A1E-9630-A8F31E160078}.Debug|x64.Build.0 = Debug|x64
		{DA10D8E3-7ACA-4A1E-9630-A8F31E160078}.Debug|x86.ActiveCfg = Debug|Win32
		{DA10D8E3-7ACA-4A1E-9630-A8F31E160078}.Debug|x86.Build.0 = Debug|Win32
		{DA10D8E3-7ACA-4A1E-9630-A8F31E160078}.Release|x64.ActiveCfg = Release|x64
		{DA10D8E3-7ACA-4A1E-9630-A8F31E160078}.Release|x64.Build.0 = Release|x64
		{DA10D8E3-7ACA-4A1E-9630-A8F31E160078}.Release|x86.ActiveCfg = Release|Win32
		{DA10D8E3-7ACA-4A1E-9630-A8F31E160078}.Release|x86.Build.0 = Release|Win32
		{D8E2BAB1-1AA2-4E6D-B1AC-F56BF9DDB619}.Debug|x64.ActiveCfg = Debug|x64
		{D8E2BAB1-1AA2-4E6D-B1AC-F56BF9DDB619}.Debug|x64.Build.0 = Debug|x64
		{D8E2BAB1-1AA2-4E6D-B1AC-F56BF9DDB619}.Debug|x86.ActiveCfg = Debug|Win32
		{D8E2BAB1-1AA2-4E6D-B1AC-F56BF9DDB619}.Debug|x86.Build.0 = Debug|Win32
		{D8E2BAB1-1AA2-4E6D-B1AC-F56BF9DDB619}.Release|x64.ActiveCfg = Release|x64
		{D8E2BAB1-1AA2-4E6D-B1AC-F56BF9DDB619}.Release|x64.Build.0 = Release|x64
		{D8E2BAB1-1AA2-4E6D-B1AC-F56BF9DDB619}.Release|x86.ActiveCfg = Release|Win32
		{D8E2BAB1-1AA2-4E6D-B1AC-F56BF9DDB619}.Release|x86.Build.0 = Release|Win32
		{B2033F69-8524-4873-B721-13941E81AC5C}.Debug|x64.ActiveCfg = Debug|x64
		{B2033F69-8524-4873-B721-13941E81AC5C}.Debug|x64.Build.0 = Debug|x64
		{B2033F69-8524-4873-B721-13941E81AC5C}.Debug|x86.ActiveCfg = Debug|Win32
		{B2033F69-8524-4873-B721-13941E81AC5C}.Debug|x86.Build.0 = Debug|Win32
		{B2033F69-8524-4873-B721-13941E81AC5C}.Release|x64.ActiveCfg = Release|x64
		{B2033F69-8524-4873-B721-13941E81AC5C}.Release|x64.Build.0 = Release|x64
		{B2033F69-8524-4873-B721-13941E81AC5C}.Release|x86.ActiveCfg = Release|Win32
		{B2033F69-8524-4873-B721-13941E81AC5C}.Release|x86.Build.0 = Release|Win32
		{84A14428-743D-4E4A-BEE3-4EB6E951346F}.Debug|x64.ActiveCfg = Debug|x64
		{84A14428-743D-4E4A-BEE3-4EB6E951346F}.Debug|x64.Build.0 = Debug|x64
		{84A14428-743D-4E4A-BEE3-4EB6E951346F}.Debug|x86.ActiveCfg = Debug|Win32
		{84A14428-743D-4E4A-BEE3-4EB6E951346F}.Debug|x86.Build.0 = Debug|Win32
		{84A14428-743D-4E4A-BEE3-4EB6E951346F}.Release|x64.ActiveCfg = Release|x64
		{84A14428-743D-4E4A-BEE3-4EB6E951346F}.Release|x64.Build.0 = Release|x64
		{84A14428-743D-4E4A-BEE3-4EB6E951346F}.Release|x86.ActiveCfg = Release|Win32
		{84A14428-743D-4E4A-BEE3-4EB6E951346F}.Release|x86.Build.0 = Release|Win32
		{6AC4EB23-2BC9-4DE6-A5C0-0F24E1B9419D}.Debug|x64.ActiveCfg = Debug|x64
		{6AC4EB23-2BC9-4DE6-A5C0-0F24E1B9419D}.Debug|x64.Build.0 = Debug|x64
		{6AC4EB23-2BC9-4DE6-A5C0-0F24E1B9419D}.Debug|x86.ActiveCfg = Debug|Win32
		{6AC4EB23-2BC9-4DE6-A5C0-0F24E1B9419D}.Debug|x86.Build.0 = Debug|Win32
		{6AC4EB23-2BC9-4DE6-A5C0-0F24E1B9419D}.Release|x64.ActiveCfg = Release|x64
		{6AC4EB23-2BC9-4DE6-A5C0-0F24E1B9419D}.Release|x64.Build.0 = Release|x64
		{6AC4EB23-2BC9-4DE6-A5C0-0F24E1B9419D}.Release|x86.ActiveCfg = Release|Win32
		{6AC4EB23-2BC9-4DE6-A5C0-0F24E1B9419D}.Release|x86.Build.0 = Release|Win32
	EndGlobalSection
	GlobalSection(SolutionProperties) = preSolution
		HideSolutionNode = FALSE
	EndGlobalSection
	GlobalSection(ExtensibilityGlobals) = postSolution
		SolutionGuid = {73DFADE1-CC3B-4528-86E4-AED9217C09F3}
	EndGlobalSection
EndGlobal
