
Microsoft Visual Studio Solution File, Format Version 12.00
# Visual Studio Version 17
VisualStudioVersion = 17.7.34031.279
MinimumVisualStudioVersion = 10.0.40219.1
Project("{8BC9CEB8-8B4A-11D0-8D11-00A0C91BC942}") = "Bai001", "Bai001\Bai001.vcxproj", "{7320BFA1-A64F-4E7C-8B4E-A8F2F6DA6E5F}"
EndProject
Project("{8BC9CEB8-8B4A-11D0-8D11-00A0C91BC942}") = "Bai005", "Bai005\Bai005.vcxproj", "{D0200816-6D2F-403D-AA65-6BFFC14AA851}"
EndProject
Project("{8BC9CEB8-8B4A-11D0-8D11-00A0C91BC942}") = "Bai011", "Bai011\Bai011.vcxproj", "{DA9D1244-1C49-400A-B994-83E892365BD3}"
EndProject
Project("{8BC9CEB8-8B4A-11D0-8D11-00A0C91BC942}") = "Bai017", "Bai017\Bai017.vcxproj", "{DC77ED55-CC93-4919-8374-990A101A4F45}"
EndProject
Project("{8BC9CEB8-8B4A-11D0-8D11-00A0C91BC942}") = "Bai023", "Bai023\Bai023.vcxproj", "{7DFB04CD-02EE-433E-8F7A-48D375151E7B}"
EndProject
Project("{8BC9CEB8-8B4A-11D0-8D11-00A0C91BC942}") = "Bai029", "Bai029\Bai029.vcxproj", "{391EA25A-FDD3-4C56-A0ED-89503E8EFD3A}"
EndProject
Project("{8BC9CEB8-8B4A-11D0-8D11-00A0C91BC942}") = "Bai035", "Bai035\Bai035.vcxproj", "{25FE6C50-C58C-4F43-B0AF-1493E1298D71}"
EndProject
Project("{8BC9CEB8-8B4A-11D0-8D11-00A0C91BC942}") = "Bai041", "Bai041\Bai041.vcxproj", "{2A4CE75C-0F19-4DBF-98A2-C5BAD11D2E00}"
EndProject
Project("{8BC9CEB8-8B4A-11D0-8D11-00A0C91BC942}") = "Bai047", "Bai047\Bai047.vcxproj", "{F2489381-43DA-4687-B4A2-82A84C698BD7}"
EndProject
Project("{8BC9CEB8-8B4A-11D0-8D11-00A0C91BC942}") = "Bai053", "Bai053\Bai053.vcxproj", "{F35A7459-2290-4FB8-B424-2D9ADD54C3AC}"
EndProject
Project("{8BC9CEB8-8B4A-11D0-8D11-00A0C91BC942}") = "Bai059", "Bai059\Bai059.vcxproj", "{07D6AAD8-C698-43CF-A886-95297F7B78BB}"
EndProject
Project("{8BC9CEB8-8B4A-11D0-8D11-00A0C91BC942}") = "Bai065", "Bai065\Bai065.vcxproj", "{E6B1238B-77A8-4A79-9E57-B9804A47B921}"
EndProject
Project("{8BC9CEB8-8B4A-11D0-8D11-00A0C91BC942}") = "Bai071", "Bai071\Bai071.vcxproj", "{52780D85-B4FE-4EA0-85FB-2F61E7AB5A9B}"
EndProject
Project("{8BC9CEB8-8B4A-11D0-8D11-00A0C91BC942}") = "Bai077", "Bai077\Bai077.vcxproj", "{0A20CADF-783B-43E8-9F84-876B62ED69AA}"
EndProject
Project("{8BC9CEB8-8B4A-11D0-8D11-00A0C91BC942}") = "Bai083", "Bai083\Bai083.vcxproj", "{50D8B1B6-E370-47F0-80DF-7E18C50C92B6}"
EndProject
Project("{8BC9CEB8-8B4A-11D0-8D11-00A0C91BC942}") = "Bai089", "Bai089\Bai089.vcxproj", "{78447D3E-B290-4FD3-BF19-FB40B826C6F9}"
EndProject
Project("{8BC9CEB8-8B4A-11D0-8D11-00A0C91BC942}") = "Bai095", "Bai095\Bai095.vcxproj", "{A6233A62-EB1F-4A6A-9838-FE700F56AA3D}"
EndProject
Project("{8BC9CEB8-8B4A-11D0-8D11-00A0C91BC942}") = "Bai101", "Bai101\Bai101.vcxproj", "{32AF832F-5780-45BA-9F26-FF1D30D2DD2D}"
EndProject
Project("{8BC9CEB8-8B4A-11D0-8D11-00A0C91BC942}") = "Bai107", "Bai107\Bai107.vcxproj", "{7C7F3A4E-9FED-406C-B2DF-81CB1951BE11}"
EndProject
Project("{8BC9CEB8-8B4A-11D0-8D11-00A0C91BC942}") = "Bai113", "Bai113\Bai113.vcxproj", "{037227DA-0040-4D35-9061-80681ACECE11}"
EndProject
Project("{8BC9CEB8-8B4A-11D0-8D11-00A0C91BC942}") = "Bai119", "Bai119\Bai119.vcxproj", "{08EFD3B8-6497-405C-A3D4-D6980B8F4803}"
EndProject
Project("{8BC9CEB8-8B4A-11D0-8D11-00A0C91BC942}") = "Bai125", "Bai125\Bai125.vcxproj", "{A038B6B5-0A29-4CE4-BF8A-4384AD5835D9}"
EndProject
Project("{8BC9CEB8-8B4A-11D0-8D11-00A0C91BC942}") = "Bai131", "Bai131\Bai131.vcxproj", "{9292CE44-25BD-478A-A31A-B691926B5335}"
EndProject
Project("{8BC9CEB8-8B4A-11D0-8D11-00A0C91BC942}") = "Bai137", "Bai137\Bai137.vcxproj", "{3DE6A1ED-53DC-47B8-9B0E-D1809FCA134D}"
EndProject
Project("{8BC9CEB8-8B4A-11D0-8D11-00A0C91BC942}") = "Bai143", "Bai143\Bai143.vcxproj", "{DA10D8E3-7ACA-4A1E-9630-A8F31E160078}"
EndProject
Project("{8BC9CEB8-8B4A-11D0-8D11-00A0C91BC942}") = "Bai149", "Bai149\Bai149.vcxproj", "{D8E2BAB1-1AA2-4E6D-B1AC-F56BF9DDB619}"
EndProject
Project("{8BC9CEB8-8B4A-11D0-8D11-00A0C91BC942}") = "Bai155", "Bai155\Bai155.vcxproj", "{B2033F69-8524-4873-B721-13941E81AC5C}"
EndProject
Project("{8BC9CEB8-8B4A-11D0-8D11-00A0C91BC942}") = "Bai161", "Bai161\Bai161.vcxproj", "{84A14428-743D-4E4A-BEE3-4EB6E951346F}"
EndProject
Project("{8BC9CEB8-8B4A-11D0-8D11-00A0C91BC942}") = "Bai167", "Bai167\Bai167.vcxproj", "{6AC4EB23-2BC9-4DE6-A5C0-0F24E1B9419D}"
EndProject
Project("{8BC9CEB8-8B4A-11D0-8D11-00A0C91BC942}") = "Bai003", "Bai003\Bai003.vcxproj", "{3E934530-31E8-4100-8281-04BBC73EE4D0}"
EndProject
Project("{8BC9CEB8-8B4A-11D0-8D11-00A0C91BC942}") = "Bai009", "Bai009\Bai009.vcxproj", "{D1D3BD63-2926-41B9-8368-A360BA898146}"
EndProject
Project("{8BC9CEB8-8B4A-11D0-8D11-00A0C91BC942}") = "Bai015", "Bai015\Bai015.vcxproj", "{7D5C641C-A2C2-4017-A337-F99CAD1FBB43}"
EndProject
Project("{8BC9CEB8-8B4A-11D0-8D11-00A0C91BC942}") = "Bai021", "Bai021\Bai021.vcxproj", "{71251FE9-737E-4167-A9D8-6FCA4EA0BA4D}"
EndProject
Project("{8BC9CEB8-8B4A-11D0-8D11-00A0C91BC942}") = "Bai027", "Bai027\Bai027.vcxproj", "{AD78D624-9772-44E9-980C-40C2F39D18B3}"
EndProject
Project("{8BC9CEB8-8B4A-11D0-8D11-00A0C91BC942}") = "Bai033", "Bai033\Bai033.vcxproj", "{921797F5-6C33-4E9C-8406-CB51A75776EE}"
EndProject
Project("{8BC9CEB8-8B4A-11D0-8D11-00A0C91BC942}") = "Bai039", "Bai039\Bai039.vcxproj", "{06F6B7EC-4CED-49EC-979B-F0A9288BE5D9}"
EndProject
Project("{8BC9CEB8-8B4A-11D0-8D11-00A0C91BC942}") = "Bai045", "Bai045\Bai045.vcxproj", "{838EF15E-54A9-4303-B20E-75A3E75CB01E}"
EndProject
Project("{8BC9CEB8-8B4A-11D0-8D11-00A0C91BC942}") = "Bai051", "Bai051\Bai051.vcxproj", "{AC167218-EBD4-4BBF-A6E7-9FAC3A16ED83}"
EndProject
Project("{8BC9CEB8-8B4A-11D0-8D11-00A0C91BC942}") = "Bai057", "Bai057\Bai057.vcxproj", "{3DFE4BD0-EEEF-4E08-9A11-8AE7611A7673}"
EndProject
Project("{8BC9CEB8-8B4A-11D0-8D11-00A0C91BC942}") = "Bai063", "Bai063\Bai063.vcxproj", "{2DD9040F-2BCA-4BD7-9D13-0961AD14AC9E}"
EndProject
Project("{8BC9CEB8-8B4A-11D0-8D11-00A0C91BC942}") = "Bai069", "Bai069\Bai069.vcxproj", "{565C4096-3F85-4295-9F75-808770894B82}"
EndProject
Project("{8BC9CEB8-8B4A-11D0-8D11-00A0C91BC942}") = "Bai075", "Bai075\Bai075.vcxproj", "{CD5C846D-D09F-4266-9C7B-5FA6B631D01B}"
EndProject
Project("{8BC9CEB8-8B4A-11D0-8D11-00A0C91BC942}") = "Bai081", "Bai081\Bai081.vcxproj", "{21F8594B-8820-45FB-8422-AF748209EB3B}"
EndProject
Project("{8BC9CEB8-8B4A-11D0-8D11-00A0C91BC942}") = "Bai087", "Bai087\Bai087.vcxproj", "{C62DCF1C-DD8F-464D-A152-799EBD05EFAB}"
EndProject
Project("{8BC9CEB8-8B4A-11D0-8D11-00A0C91BC942}") = "Bai093", "Bai093\Bai093.vcxproj", "{717E161A-1BF5-4444-AD1F-6503B3E61C06}"
EndProject
Project("{8BC9CEB8-8B4A-11D0-8D11-00A0C91BC942}") = "Bai099", "Bai099\Bai099.vcxproj", "{D635D422-9275-468E-9663-BA2CEA7141CC}"
EndProject
Project("{8BC9CEB8-8B4A-11D0-8D11-00A0C91BC942}") = "Bai105", "Bai105\Bai105.vcxproj", "{0527B5CA-4C5B-4040-AAAB-4B7F5B5AA67F}"
EndProject
Project("{8BC9CEB8-8B4A-11D0-8D11-00A0C91BC942}") = "Bai111", "Bai111\Bai111.vcxproj", "{62AAC134-EAC8-4676-9E37-496BC4355B16}"
EndProject
Project("{8BC9CEB8-8B4A-11D0-8D11-00A0C91BC942}") = "Bai117", "Bai117\Bai117.vcxproj", "{A77E31BD-BB18-4E12-81A1-D6FDE99C47BF}"
EndProject
Project("{8BC9CEB8-8B4A-11D0-8D11-00A0C91BC942}") = "Bai129", "Bai129\Bai129.vcxproj", "{14628135-79DD-4239-8DDA-09DCF6386C25}"
EndProject
Project("{8BC9CEB8-8B4A-11D0-8D11-00A0C91BC942}") = "Bai135", "Bai135\Bai135.vcxproj", "{D2202D54-A4F5-43CF-8F2C-D8B2E6E4BA31}"
EndProject
Project("{8BC9CEB8-8B4A-11D0-8D11-00A0C91BC942}") = "Bai141", "Bai141\Bai141.vcxproj", "{3930C5E3-2BBC-4BF7-99BC-55433B5EB45D}"
EndProject
Project("{8BC9CEB8-8B4A-11D0-8D11-00A0C91BC942}") = "Bai147", "Bai147\Bai147.vcxproj", "{FD2555B6-7E13-46F3-BAA2-67C56D892AB9}"
EndProject
Project("{8BC9CEB8-8B4A-11D0-8D11-00A0C91BC942}") = "Bai153", "Bai153\Bai153.vcxproj", "{B21607C6-5FDC-4391-872F-C4795A881978}"
EndProject
Project("{8BC9CEB8-8B4A-11D0-8D11-00A0C91BC942}") = "Bai159", "Bai159\Bai159.vcxproj", "{D4224F5E-5C08-47F8-B82B-4C57D7F9E402}"
EndProject
Project("{8BC9CEB8-8B4A-11D0-8D11-00A0C91BC942}") = "Bai165", "Bai165\Bai165.vcxproj", "{D29935FE-A97E-47C0-AA32-A44D829D6035}"
EndProject
Project("{8BC9CEB8-8B4A-11D0-8D11-00A0C91BC942}") = "Bai171", "Bai171\Bai171.vcxproj", "{038648DD-256E-497B-878E-48F38DD16E55}"
EndProject
Project("{8BC9CEB8-8B4A-11D0-8D11-00A0C91BC942}") = "Bai123", "Bai123\Bai123.vcxproj", "{3463CF63-8FDE-49E1-AC33-F7493E321563}"
EndProject
Global
	GlobalSection(SolutionConfigurationPlatforms) = preSolution
		Debug|x64 = Debug|x64
		Debug|x86 = Debug|x86
		Release|x64 = Release|x64
		Release|x86 = Release|x86
	EndGlobalSection
	GlobalSection(ProjectConfigurationPlatforms) = postSolution
		{7320BFA1-A64F-4E7C-8B4E-A8F2F6DA6E5F}.Debug|x64.ActiveCfg = Debug|x64
		{7320BFA1-A64F-4E7C-8B4E-A8F2F6DA6E5F}.Debug|x64.Build.0 = Debug|x64
		{7320BFA1-A64F-4E7C-8B4E-A8F2F6DA6E5F}.Debug|x86.ActiveCfg = Debug|Win32
		{7320BFA1-A64F-4E7C-8B4E-A8F2F6DA6E5F}.Debug|x86.Build.0 = Debug|Win32
		{7320BFA1-A64F-4E7C-8B4E-A8F2F6DA6E5F}.Release|x64.ActiveCfg = Release|x64
		{7320BFA1-A64F-4E7C-8B4E-A8F2F6DA6E5F}.Release|x64.Build.0 = Release|x64
		{7320BFA1-A64F-4E7C-8B4E-A8F2F6DA6E5F}.Release|x86.ActiveCfg = Release|Win32
		{7320BFA1-A64F-4E7C-8B4E-A8F2F6DA6E5F}.Release|x86.Build.0 = Release|Win32
		{D0200816-6D2F-403D-AA65-6BFFC14AA851}.Debug|x64.ActiveCfg = Debug|x64
		{D0200816-6D2F-403D-AA65-6BFFC14AA851}.Debug|x64.Build.0 = Debug|x64
		{D0200816-6D2F-403D-AA65-6BFFC14AA851}.Debug|x86.ActiveCfg = Debug|Win32
		{D0200816-6D2F-403D-AA65-6BFFC14AA851}.Debug|x86.Build.0 = Debug|Win32
		{D0200816-6D2F-403D-AA65-6BFFC14AA851}.Release|x64.ActiveCfg = Release|x64
		{D0200816-6D2F-403D-AA65-6BFFC14AA851}.Release|x64.Build.0 = Release|x64
		{D0200816-6D2F-403D-AA65-6BFFC14AA851}.Release|x86.ActiveCfg = Release|Win32
		{D0200816-6D2F-403D-AA65-6BFFC14AA851}.Release|x86.Build.0 = Release|Win32
		{DA9D1244-1C49-400A-B994-83E892365BD3}.Debug|x64.ActiveCfg = Debug|x64
		{DA9D1244-1C49-400A-B994-83E892365BD3}.Debug|x64.Build.0 = Debug|x64
		{DA9D1244-1C49-400A-B994-83E892365BD3}.Debug|x86.ActiveCfg = Debug|Win32
		{DA9D1244-1C49-400A-B994-83E892365BD3}.Debug|x86.Build.0 = Debug|Win32
		{DA9D1244-1C49-400A-B994-83E892365BD3}.Release|x64.ActiveCfg = Release|x64
		{DA9D1244-1C49-400A-B994-83E892365BD3}.Release|x64.Build.0 = Release|x64
		{DA9D1244-1C49-400A-B994-83E892365BD3}.Release|x86.ActiveCfg = Release|Win32
		{DA9D1244-1C49-400A-B994-83E892365BD3}.Release|x86.Build.0 = Release|Win32
		{DC77ED55-CC93-4919-8374-990A101A4F45}.Debug|x64.ActiveCfg = Debug|x64
		{DC77ED55-CC93-4919-8374-990A101A4F45}.Debug|x64.Build.0 = Debug|x64
		{DC77ED55-CC93-4919-8374-990A101A4F45}.Debug|x86.ActiveCfg = Debug|Win32
		{DC77ED55-CC93-4919-8374-990A101A4F45}.Debug|x86.Build.0 = Debug|Win32
		{DC77ED55-CC93-4919-8374-990A101A4F45}.Release|x64.ActiveCfg = Release|x64
		{DC77ED55-CC93-4919-8374-990A101A4F45}.Release|x64.Build.0 = Release|x64
		{DC77ED55-CC93-4919-8374-990A101A4F45}.Release|x86.ActiveCfg = Release|Win32
		{DC77ED55-CC93-4919-8374-990A101A4F45}.Release|x86.Build.0 = Release|Win32
		{7DFB04CD-02EE-433E-8F7A-48D375151E7B}.Debug|x64.ActiveCfg = Debug|x64
		{7DFB04CD-02EE-433E-8F7A-48D375151E7B}.Debug|x64.Build.0 = Debug|x64
		{7DFB04CD-02EE-433E-8F7A-48D375151E7B}.Debug|x86.ActiveCfg = Debug|Win32
		{7DFB04CD-02EE-433E-8F7A-48D375151E7B}.Debug|x86.Build.0 = Debug|Win32
		{7DFB04CD-02EE-433E-8F7A-48D375151E7B}.Release|x64.ActiveCfg = Release|x64
		{7DFB04CD-02EE-433E-8F7A-48D375151E7B}.Release|x64.Build.0 = Release|x64
		{7DFB04CD-02EE-433E-8F7A-48D375151E7B}.Release|x86.ActiveCfg = Release|Win32
		{7DFB04CD-02EE-433E-8F7A-48D375151E7B}.Release|x86.Build.0 = Release|Win32
		{391EA25A-FDD3-4C56-A0ED-89503E8EFD3A}.Debug|x64.ActiveCfg = Debug|x64
		{391EA25A-FDD3-4C56-A0ED-89503E8EFD3A}.Debug|x64.Build.0 = Debug|x64
		{391EA25A-FDD3-4C56-A0ED-89503E8EFD3A}.Debug|x86.ActiveCfg = Debug|Win32
		{391EA25A-FDD3-4C56-A0ED-89503E8EFD3A}.Debug|x86.Build.0 = Debug|Win32
		{391EA25A-FDD3-4C56-A0ED-89503E8EFD3A}.Release|x64.ActiveCfg = Release|x64
		{391EA25A-FDD3-4C56-A0ED-89503E8EFD3A}.Release|x64.Build.0 = Release|x64
		{391EA25A-FDD3-4C56-A0ED-89503E8EFD3A}.Release|x86.ActiveCfg = Release|Win32
		{391EA25A-FDD3-4C56-A0ED-89503E8EFD3A}.Release|x86.Build.0 = Release|Win32
		{25FE6C50-C58C-4F43-B0AF-1493E1298D71}.Debug|x64.ActiveCfg = Debug|x64
		{25FE6C50-C58C-4F43-B0AF-1493E1298D71}.Debug|x64.Build.0 = Debug|x64
		{25FE6C50-C58C-4F43-B0AF-1493E1298D71}.Debug|x86.ActiveCfg = Debug|Win32
		{25FE6C50-C58C-4F43-B0AF-1493E1298D71}.Debug|x86.Build.0 = Debug|Win32
		{25FE6C50-C58C-4F43-B0AF-1493E1298D71}.Release|x64.ActiveCfg = Release|x64
		{25FE6C50-C58C-4F43-B0AF-1493E1298D71}.Release|x64.Build.0 = Release|x64
		{25FE6C50-C58C-4F43-B0AF-1493E1298D71}.Release|x86.ActiveCfg = Release|Win32
		{25FE6C50-C58C-4F43-B0AF-1493E1298D71}.Release|x86.Build.0 = Release|Win32
		{2A4CE75C-0F19-4DBF-98A2-C5BAD11D2E00}.Debug|x64.ActiveCfg = Debug|x64
		{2A4CE75C-0F19-4DBF-98A2-C5BAD11D2E00}.Debug|x64.Build.0 = Debug|x64
		{2A4CE75C-0F19-4DBF-98A2-C5BAD11D2E00}.Debug|x86.ActiveCfg = Debug|Win32
		{2A4CE75C-0F19-4DBF-98A2-C5BAD11D2E00}.Debug|x86.Build.0 = Debug|Win32
		{2A4CE75C-0F19-4DBF-98A2-C5BAD11D2E00}.Release|x64.ActiveCfg = Release|x64
		{2A4CE75C-0F19-4DBF-98A2-C5BAD11D2E00}.Release|x64.Build.0 = Release|x64
		{2A4CE75C-0F19-4DBF-98A2-C5BAD11D2E00}.Release|x86.ActiveCfg = Release|Win32
		{2A4CE75C-0F19-4DBF-98A2-C5BAD11D2E00}.Release|x86.Build.0 = Release|Win32
		{F2489381-43DA-4687-B4A2-82A84C698BD7}.Debug|x64.ActiveCfg = Debug|x64
		{F2489381-43DA-4687-B4A2-82A84C698BD7}.Debug|x64.Build.0 = Debug|x64
		{F2489381-43DA-4687-B4A2-82A84C698BD7}.Debug|x86.ActiveCfg = Debug|Win32
		{F2489381-43DA-4687-B4A2-82A84C698BD7}.Debug|x86.Build.0 = Debug|Win32
		{F2489381-43DA-4687-B4A2-82A84C698BD7}.Release|x64.ActiveCfg = Release|x64
		{F2489381-43DA-4687-B4A2-82A84C698BD7}.Release|x64.Build.0 = Release|x64
		{F2489381-43DA-4687-B4A2-82A84C698BD7}.Release|x86.ActiveCfg = Release|Win32
		{F2489381-43DA-4687-B4A2-82A84C698BD7}.Release|x86.Build.0 = Release|Win32
		{F35A7459-2290-4FB8-B424-2D9ADD54C3AC}.Debug|x64.ActiveCfg = Debug|x64
		{F35A7459-2290-4FB8-B424-2D9ADD54C3AC}.Debug|x64.Build.0 = Debug|x64
		{F35A7459-2290-4FB8-B424-2D9ADD54C3AC}.Debug|x86.ActiveCfg = Debug|Win32
		{F35A7459-2290-4FB8-B424-2D9ADD54C3AC}.Debug|x86.Build.0 = Debug|Win32
		{F35A7459-2290-4FB8-B424-2D9ADD54C3AC}.Release|x64.ActiveCfg = Release|x64
		{F35A7459-2290-4FB8-B424-2D9ADD54C3AC}.Release|x64.Build.0 = Release|x64
		{F35A7459-2290-4FB8-B424-2D9ADD54C3AC}.Release|x86.ActiveCfg = Release|Win32
		{F35A7459-2290-4FB8-B424-2D9ADD54C3AC}.Release|x86.Build.0 = Release|Win32
		{07D6AAD8-C698-43CF-A886-95297F7B78BB}.Debug|x64.ActiveCfg = Debug|x64
		{07D6AAD8-C698-43CF-A886-95297F7B78BB}.Debug|x64.Build.0 = Debug|x64
		{07D6AAD8-C698-43CF-A886-95297F7B78BB}.Debug|x86.ActiveCfg = Debug|Win32
		{07D6AAD8-C698-43CF-A886-95297F7B78BB}.Debug|x86.Build.0 = Debug|Win32
		{07D6AAD8-C698-43CF-A886-95297F7B78BB}.Release|x64.ActiveCfg = Release|x64
		{07D6AAD8-C698-43CF-A886-95297F7B78BB}.Release|x64.Build.0 = Release|x64
		{07D6AAD8-C698-43CF-A886-95297F7B78BB}.Release|x86.ActiveCfg = Release|Win32
		{07D6AAD8-C698-43CF-A886-95297F7B78BB}.Release|x86.Build.0 = Release|Win32
		{E6B1238B-77A8-4A79-9E57-B9804A47B921}.Debug|x64.ActiveCfg = Debug|x64
		{E6B1238B-77A8-4A79-9E57-B9804A47B921}.Debug|x64.Build.0 = Debug|x64
		{E6B1238B-77A8-4A79-9E57-B9804A47B921}.Debug|x86.ActiveCfg = Debug|Win32
		{E6B1238B-77A8-4A79-9E57-B9804A47B921}.Debug|x86.Build.0 = Debug|Win32
		{E6B1238B-77A8-4A79-9E57-B9804A47B921}.Release|x64.ActiveCfg = Release|x64
		{E6B1238B-77A8-4A79-9E57-B9804A47B921}.Release|x64.Build.0 = Release|x64
		{E6B1238B-77A8-4A79-9E57-B9804A47B921}.Release|x86.ActiveCfg = Release|Win32
		{E6B1238B-77A8-4A79-9E57-B9804A47B921}.Release|x86.Build.0 = Release|Win32
		{52780D85-B4FE-4EA0-85FB-2F61E7AB5A9B}.Debug|x64.ActiveCfg = Debug|x64
		{52780D85-B4FE-4EA0-85FB-2F61E7AB5A9B}.Debug|x64.Build.0 = Debug|x64
		{52780D85-B4FE-4EA0-85FB-2F61E7AB5A9B}.Debug|x86.ActiveCfg = Debug|Win32
		{52780D85-B4FE-4EA0-85FB-2F61E7AB5A9B}.Debug|x86.Build.0 = Debug|Win32
		{52780D85-B4FE-4EA0-85FB-2F61E7AB5A9B}.Release|x64.ActiveCfg = Release|x64
		{52780D85-B4FE-4EA0-85FB-2F61E7AB5A9B}.Release|x64.Build.0 = Release|x64
		{52780D85-B4FE-4EA0-85FB-2F61E7AB5A9B}.Release|x86.ActiveCfg = Release|Win32
		{52780D85-B4FE-4EA0-85FB-2F61E7AB5A9B}.Release|x86.Build.0 = Release|Win32
		{0A20CADF-783B-43E8-9F84-876B62ED69AA}.Debug|x64.ActiveCfg = Debug|x64
		{0A20CADF-783B-43E8-9F84-876B62ED69AA}.Debug|x64.Build.0 = Debug|x64
		{0A20CADF-783B-43E8-9F84-876B62ED69AA}.Debug|x86.ActiveCfg = Debug|Win32
		{0A20CADF-783B-43E8-9F84-876B62ED69AA}.Debug|x86.Build.0 = Debug|Win32
		{0A20CADF-783B-43E8-9F84-876B62ED69AA}.Release|x64.ActiveCfg = Release|x64
		{0A20CADF-783B-43E8-9F84-876B62ED69AA}.Release|x64.Build.0 = Release|x64
		{0A20CADF-783B-43E8-9F84-876B62ED69AA}.Release|x86.ActiveCfg = Release|Win32
		{0A20CADF-783B-43E8-9F84-876B62ED69AA}.Release|x86.Build.0 = Release|Win32
		{50D8B1B6-E370-47F0-80DF-7E18C50C92B6}.Debug|x64.ActiveCfg = Debug|x64
		{50D8B1B6-E370-47F0-80DF-7E18C50C92B6}.Debug|x64.Build.0 = Debug|x64
		{50D8B1B6-E370-47F0-80DF-7E18C50C92B6}.Debug|x86.ActiveCfg = Debug|Win32
		{50D8B1B6-E370-47F0-80DF-7E18C50C92B6}.Debug|x86.Build.0 = Debug|Win32
		{50D8B1B6-E370-47F0-80DF-7E18C50C92B6}.Release|x64.ActiveCfg = Release|x64
		{50D8B1B6-E370-47F0-80DF-7E18C50C92B6}.Release|x64.Build.0 = Release|x64
		{50D8B1B6-E370-47F0-80DF-7E18C50C92B6}.Release|x86.ActiveCfg = Release|Win32
		{50D8B1B6-E370-47F0-80DF-7E18C50C92B6}.Release|x86.Build.0 = Release|Win32
		{78447D3E-B290-4FD3-BF19-FB40B826C6F9}.Debug|x64.ActiveCfg = Debug|x64
		{78447D3E-B290-4FD3-BF19-FB40B826C6F9}.Debug|x64.Build.0 = Debug|x64
		{78447D3E-B290-4FD3-BF19-FB40B826C6F9}.Debug|x86.ActiveCfg = Debug|Win32
		{78447D3E-B290-4FD3-BF19-FB40B826C6F9}.Debug|x86.Build.0 = Debug|Win32
		{78447D3E-B290-4FD3-BF19-FB40B826C6F9}.Release|x64.ActiveCfg = Release|x64
		{78447D3E-B290-4FD3-BF19-FB40B826C6F9}.Release|x64.Build.0 = Release|x64
		{78447D3E-B290-4FD3-BF19-FB40B826C6F9}.Release|x86.ActiveCfg = Release|Win32
		{78447D3E-B290-4FD3-BF19-FB40B826C6F9}.Release|x86.Build.0 = Release|Win32
		{A6233A62-EB1F-4A6A-9838-FE700F56AA3D}.Debug|x64.ActiveCfg = Debug|x64
		{A6233A62-EB1F-4A6A-9838-FE700F56AA3D}.Debug|x64.Build.0 = Debug|x64
		{A6233A62-EB1F-4A6A-9838-FE700F56AA3D}.Debug|x86.ActiveCfg = Debug|Win32
		{A6233A62-EB1F-4A6A-9838-FE700F56AA3D}.Debug|x86.Build.0 = Debug|Win32
		{A6233A62-EB1F-4A6A-9838-FE700F56AA3D}.Release|x64.ActiveCfg = Release|x64
		{A6233A62-EB1F-4A6A-9838-FE700F56AA3D}.Release|x64.Build.0 = Release|x64
		{A6233A62-EB1F-4A6A-9838-FE700F56AA3D}.Release|x86.ActiveCfg = Release|Win32
		{A6233A62-EB1F-4A6A-9838-FE700F56AA3D}.Release|x86.Build.0 = Release|Win32
		{32AF832F-5780-45BA-9F26-FF1D30D2DD2D}.Debug|x64.ActiveCfg = Debug|x64
		{32AF832F-5780-45BA-9F26-FF1D30D2DD2D}.Debug|x64.Build.0 = Debug|x64
		{32AF832F-5780-45BA-9F26-FF1D30D2DD2D}.Debug|x86.ActiveCfg = Debug|Win32
		{32AF832F-5780-45BA-9F26-FF1D30D2DD2D}.Debug|x86.Build.0 = Debug|Win32
		{32AF832F-5780-45BA-9F26-FF1D30D2DD2D}.Release|x64.ActiveCfg = Release|x64
		{32AF832F-5780-45BA-9F26-FF1D30D2DD2D}.Release|x64.Build.0 = Release|x64
		{32AF832F-5780-45BA-9F26-FF1D30D2DD2D}.Release|x86.ActiveCfg = Release|Win32
		{32AF832F-5780-45BA-9F26-FF1D30D2DD2D}.Release|x86.Build.0 = Release|Win32
		{7C7F3A4E-9FED-406C-B2DF-81CB1951BE11}.Debug|x64.ActiveCfg = Debug|x64
		{7C7F3A4E-9FED-406C-B2DF-81CB1951BE11}.Debug|x64.Build.0 = Debug|x64
		{7C7F3A4E-9FED-406C-B2DF-81CB1951BE11}.Debug|x86.ActiveCfg = Debug|Win32
		{7C7F3A4E-9FED-406C-B2DF-81CB1951BE11}.Debug|x86.Build.0 = Debug|Win32
		{7C7F3A4E-9FED-406C-B2DF-81CB1951BE11}.Release|x64.ActiveCfg = Release|x64
		{7C7F3A4E-9FED-406C-B2DF-81CB1951BE11}.Release|x64.Build.0 = Release|x64
		{7C7F3A4E-9FED-406C-B2DF-81CB1951BE11}.Release|x86.ActiveCfg = Release|Win32
		{7C7F3A4E-9FED-406C-B2DF-81CB1951BE11}.Release|x86.Build.0 = Release|Win32
		{037227DA-0040-4D35-9061-80681ACECE11}.Debug|x64.ActiveCfg = Debug|x64
		{037227DA-0040-4D35-9061-80681ACECE11}.Debug|x64.Build.0 = Debug|x64
		{037227DA-0040-4D35-9061-80681ACECE11}.Debug|x86.ActiveCfg = Debug|Win32
		{037227DA-0040-4D35-9061-80681ACECE11}.Debug|x86.Build.0 = Debug|Win32
		{037227DA-0040-4D35-9061-80681ACECE11}.Release|x64.ActiveCfg = Release|x64
		{037227DA-0040-4D35-9061-80681ACECE11}.Release|x64.Build.0 = Release|x64
		{037227DA-0040-4D35-9061-80681ACECE11}.Release|x86.ActiveCfg = Release|Win32
		{037227DA-0040-4D35-9061-80681ACECE11}.Release|x86.Build.0 = Release|Win32
		{08EFD3B8-6497-405C-A3D4-D6980B8F4803}.Debug|x64.ActiveCfg = Debug|x64
		{08EFD3B8-6497-405C-A3D4-D6980B8F4803}.Debug|x64.Build.0 = Debug|x64
		{08EFD3B8-6497-405C-A3D4-D6980B8F4803}.Debug|x86.ActiveCfg = Debug|Win32
		{08EFD3B8-6497-405C-A3D4-D6980B8F4803}.Debug|x86.Build.0 = Debug|Win32
		{08EFD3B8-6497-405C-A3D4-D6980B8F4803}.Release|x64.ActiveCfg = Release|x64
		{08EFD3B8-6497-405C-A3D4-D6980B8F4803}.Release|x64.Build.0 = Release|x64
		{08EFD3B8-6497-405C-A3D4-D6980B8F4803}.Release|x86.ActiveCfg = Release|Win32
		{08EFD3B8-6497-405C-A3D4-D6980B8F4803}.Release|x86.Build.0 = Release|Win32
		{A038B6B5-0A29-4CE4-BF8A-4384AD5835D9}.Debug|x64.ActiveCfg = Debug|x64
		{A038B6B5-0A29-4CE4-BF8A-4384AD5835D9}.Debug|x64.Build.0 = Debug|x64
		{A038B6B5-0A29-4CE4-BF8A-4384AD5835D9}.Debug|x86.ActiveCfg = Debug|Win32
		{A038B6B5-0A29-4CE4-BF8A-4384AD5835D9}.Debug|x86.Build.0 = Debug|Win32
		{A038B6B5-0A29-4CE4-BF8A-4384AD5835D9}.Release|x64.ActiveCfg = Release|x64
		{A038B6B5-0A29-4CE4-BF8A-4384AD5835D9}.Release|x64.Build.0 = Release|x64
		{A038B6B5-0A29-4CE4-BF8A-4384AD5835D9}.Release|x86.ActiveCfg = Release|Win32
		{A038B6B5-0A29-4CE4-BF8A-4384AD5835D9}.Release|x86.Build.0 = Release|Win32
		{9292CE44-25BD-478A-A31A-B691926B5335}.Debug|x64.ActiveCfg = Debug|x64
		{9292CE44-25BD-478A-A31A-B691926B5335}.Debug|x64.Build.0 = Debug|x64
		{9292CE44-25BD-478A-A31A-B691926B5335}.Debug|x86.ActiveCfg = Debug|Win32
		{9292CE44-25BD-478A-A31A-B691926B5335}.Debug|x86.Build.0 = Debug|Win32
		{9292CE44-25BD-478A-A31A-B691926B5335}.Release|x64.ActiveCfg = Release|x64
		{9292CE44-25BD-478A-A31A-B691926B5335}.Release|x64.Build.0 = Release|x64
		{9292CE44-25BD-478A-A31A-B691926B5335}.Release|x86.ActiveCfg = Release|Win32
		{9292CE44-25BD-478A-A31A-B691926B5335}.Release|x86.Build.0 = Release|Win32
		{3DE6A1ED-53DC-47B8-9B0E-D1809FCA134D}.Debug|x64.ActiveCfg = Debug|x64
		{3DE6A1ED-53DC-47B8-9B0E-D1809FCA134D}.Debug|x64.Build.0 = Debug|x64
		{3DE6A1ED-53DC-47B8-9B0E-D1809FCA134D}.Debug|x86.ActiveCfg = Debug|Win32
		{3DE6A1ED-53DC-47B8-9B0E-D1809FCA134D}.Debug|x86.Build.0 = Debug|Win32
		{3DE6A1ED-53DC-47B8-9B0E-D1809FCA134D}.Release|x64.ActiveCfg = Release|x64
		{3DE6A1ED-53DC-47B8-9B0E-D1809FCA134D}.Release|x64.Build.0 = Release|x64
		{3DE6A1ED-53DC-47B8-9B0E-D1809FCA134D}.Release|x86.ActiveCfg = Release|Win32
		{3DE6A1ED-53DC-47B8-9B0E-D1809FCA134D}.Release|x86.Build.0 = Release|Win32
		{DA10D8E3-7ACA-4A1E-9630-A8F31E160078}.Debug|x64.ActiveCfg = Debug|x64
		{DA10D8E3-7ACA-4A1E-9630-A8F31E160078}.Debug|x64.Build.0 = Debug|x64
		{DA10D8E3-7ACA-4A1E-9630-A8F31E160078}.Debug|x86.ActiveCfg = Debug|Win32
		{DA10D8E3-7ACA-4A1E-9630-A8F31E160078}.Debug|x86.Build.0 = Debug|Win32
		{DA10D8E3-7ACA-4A1E-9630-A8F31E160078}.Release|x64.ActiveCfg = Release|x64
		{DA10D8E3-7ACA-4A1E-9630-A8F31E160078}.Release|x64.Build.0 = Release|x64
		{DA10D8E3-7ACA-4A1E-9630-A8F31E160078}.Release|x86.ActiveCfg = Release|Win32
		{DA10D8E3-7ACA-4A1E-9630-A8F31E160078}.Release|x86.Build.0 = Release|Win32
		{D8E2BAB1-1AA2-4E6D-B1AC-F56BF9DDB619}.Debug|x64.ActiveCfg = Debug|x64
		{D8E2BAB1-1AA2-4E6D-B1AC-F56BF9DDB619}.Debug|x64.Build.0 = Debug|x64
		{D8E2BAB1-1AA2-4E6D-B1AC-F56BF9DDB619}.Debug|x86.ActiveCfg = Debug|Win32
		{D8E2BAB1-1AA2-4E6D-B1AC-F56BF9DDB619}.Debug|x86.Build.0 = Debug|Win32
		{D8E2BAB1-1AA2-4E6D-B1AC-F56BF9DDB619}.Release|x64.ActiveCfg = Release|x64
		{D8E2BAB1-1AA2-4E6D-B1AC-F56BF9DDB619}.Release|x64.Build.0 = Release|x64
		{D8E2BAB1-1AA2-4E6D-B1AC-F56BF9DDB619}.Release|x86.ActiveCfg = Release|Win32
		{D8E2BAB1-1AA2-4E6D-B1AC-F56BF9DDB619}.Release|x86.Build.0 = Release|Win32
		{B2033F69-8524-4873-B721-13941E81AC5C}.Debug|x64.ActiveCfg = Debug|x64
		{B2033F69-8524-4873-B721-13941E81AC5C}.Debug|x64.Build.0 = Debug|x64
		{B2033F69-8524-4873-B721-13941E81AC5C}.Debug|x86.ActiveCfg = Debug|Win32
		{B2033F69-8524-4873-B721-13941E81AC5C}.Debug|x86.Build.0 = Debug|Win32
		{B2033F69-8524-4873-B721-13941E81AC5C}.Release|x64.ActiveCfg = Release|x64
		{B2033F69-8524-4873-B721-13941E81AC5C}.Release|x64.Build.0 = Release|x64
		{B2033F69-8524-4873-B721-13941E81AC5C}.Release|x86.ActiveCfg = Release|Win32
		{B2033F69-8524-4873-B721-13941E81AC5C}.Release|x86.Build.0 = Release|Win32
		{84A14428-743D-4E4A-BEE3-4EB6E951346F}.Debug|x64.ActiveCfg = Debug|x64
		{84A14428-743D-4E4A-BEE3-4EB6E951346F}.Debug|x64.Build.0 = Debug|x64
		{84A14428-743D-4E4A-BEE3-4EB6E951346F}.Debug|x86.ActiveCfg = Debug|Win32
		{84A14428-743D-4E4A-BEE3-4EB6E951346F}.Debug|x86.Build.0 = Debug|Win32
		{84A14428-743D-4E4A-BEE3-4EB6E951346F}.Release|x64.ActiveCfg = Release|x64
		{84A14428-743D-4E4A-BEE3-4EB6E951346F}.Release|x64.Build.0 = Release|x64
		{84A14428-743D-4E4A-BEE3-4EB6E951346F}.Release|x86.ActiveCfg = Release|Win32
		{84A14428-743D-4E4A-BEE3-4EB6E951346F}.Release|x86.Build.0 = Release|Win32
		{6AC4EB23-2BC9-4DE6-A5C0-0F24E1B9419D}.Debug|x64.ActiveCfg = Debug|x64
		{6AC4EB23-2BC9-4DE6-A5C0-0F24E1B9419D}.Debug|x64.Build.0 = Debug|x64
		{6AC4EB23-2BC9-4DE6-A5C0-0F24E1B9419D}.Debug|x86.ActiveCfg = Debug|Win32
		{6AC4EB23-2BC9-4DE6-A5C0-0F24E1B9419D}.Debug|x86.Build.0 = Debug|Win32
		{6AC4EB23-2BC9-4DE6-A5C0-0F24E1B9419D}.Release|x64.ActiveCfg = Release|x64
		{6AC4EB23-2BC9-4DE6-A5C0-0F24E1B9419D}.Release|x64.Build.0 = Release|x64
		{6AC4EB23-2BC9-4DE6-A5C0-0F24E1B9419D}.Release|x86.ActiveCfg = Release|Win32
		{6AC4EB23-2BC9-4DE6-A5C0-0F24E1B9419D}.Release|x86.Build.0 = Release|Win32
		{3E934530-31E8-4100-8281-04BBC73EE4D0}.Debug|x64.ActiveCfg = Debug|x64
		{3E934530-31E8-4100-8281-04BBC73EE4D0}.Debug|x64.Build.0 = Debug|x64
		{3E934530-31E8-4100-8281-04BBC73EE4D0}.Debug|x86.ActiveCfg = Debug|Win32
		{3E934530-31E8-4100-8281-04BBC73EE4D0}.Debug|x86.Build.0 = Debug|Win32
		{3E934530-31E8-4100-8281-04BBC73EE4D0}.Release|x64.ActiveCfg = Release|x64
		{3E934530-31E8-4100-8281-04BBC73EE4D0}.Release|x64.Build.0 = Release|x64
		{3E934530-31E8-4100-8281-04BBC73EE4D0}.Release|x86.ActiveCfg = Release|Win32
		{3E934530-31E8-4100-8281-04BBC73EE4D0}.Release|x86.Build.0 = Release|Win32
		{D1D3BD63-2926-41B9-8368-A360BA898146}.Debug|x64.ActiveCfg = Debug|x64
		{D1D3BD63-2926-41B9-8368-A360BA898146}.Debug|x64.Build.0 = Debug|x64
		{D1D3BD63-2926-41B9-8368-A360BA898146}.Debug|x86.ActiveCfg = Debug|Win32
		{D1D3BD63-2926-41B9-8368-A360BA898146}.Debug|x86.Build.0 = Debug|Win32
		{D1D3BD63-2926-41B9-8368-A360BA898146}.Release|x64.ActiveCfg = Release|x64
		{D1D3BD63-2926-41B9-8368-A360BA898146}.Release|x64.Build.0 = Release|x64
		{D1D3BD63-2926-41B9-8368-A360BA898146}.Release|x86.ActiveCfg = Release|Win32
		{D1D3BD63-2926-41B9-8368-A360BA898146}.Release|x86.Build.0 = Release|Win32
		{7D5C641C-A2C2-4017-A337-F99CAD1FBB43}.Debug|x64.ActiveCfg = Debug|x64
		{7D5C641C-A2C2-4017-A337-F99CAD1FBB43}.Debug|x64.Build.0 = Debug|x64
		{7D5C641C-A2C2-4017-A337-F99CAD1FBB43}.Debug|x86.ActiveCfg = Debug|Win32
		{7D5C641C-A2C2-4017-A337-F99CAD1FBB43}.Debug|x86.Build.0 = Debug|Win32
		{7D5C641C-A2C2-4017-A337-F99CAD1FBB43}.Release|x64.ActiveCfg = Release|x64
		{7D5C641C-A2C2-4017-A337-F99CAD1FBB43}.Release|x64.Build.0 = Release|x64
		{7D5C641C-A2C2-4017-A337-F99CAD1FBB43}.Release|x86.ActiveCfg = Release|Win32
		{7D5C641C-A2C2-4017-A337-F99CAD1FBB43}.Release|x86.Build.0 = Release|Win32
		{71251FE9-737E-4167-A9D8-6FCA4EA0BA4D}.Debug|x64.ActiveCfg = Debug|x64
		{71251FE9-737E-4167-A9D8-6FCA4EA0BA4D}.Debug|x64.Build.0 = Debug|x64
		{71251FE9-737E-4167-A9D8-6FCA4EA0BA4D}.Debug|x86.ActiveCfg = Debug|Win32
		{71251FE9-737E-4167-A9D8-6FCA4EA0BA4D}.Debug|x86.Build.0 = Debug|Win32
		{71251FE9-737E-4167-A9D8-6FCA4EA0BA4D}.Release|x64.ActiveCfg = Release|x64
		{71251FE9-737E-4167-A9D8-6FCA4EA0BA4D}.Release|x64.Build.0 = Release|x64
		{71251FE9-737E-4167-A9D8-6FCA4EA0BA4D}.Release|x86.ActiveCfg = Release|Win32
		{71251FE9-737E-4167-A9D8-6FCA4EA0BA4D}.Release|x86.Build.0 = Release|Win32
		{AD78D624-9772-44E9-980C-40C2F39D18B3}.Debug|x64.ActiveCfg = Debug|x64
		{AD78D624-9772-44E9-980C-40C2F39D18B3}.Debug|x64.Build.0 = Debug|x64
		{AD78D624-9772-44E9-980C-40C2F39D18B3}.Debug|x86.ActiveCfg = Debug|Win32
		{AD78D624-9772-44E9-980C-40C2F39D18B3}.Debug|x86.Build.0 = Debug|Win32
		{AD78D624-9772-44E9-980C-40C2F39D18B3}.Release|x64.ActiveCfg = Release|x64
		{AD78D624-9772-44E9-980C-40C2F39D18B3}.Release|x64.Build.0 = Release|x64
		{AD78D624-9772-44E9-980C-40C2F39D18B3}.Release|x86.ActiveCfg = Release|Win32
		{AD78D624-9772-44E9-980C-40C2F39D18B3}.Release|x86.Build.0 = Release|Win32
		{921797F5-6C33-4E9C-8406-CB51A75776EE}.Debug|x64.ActiveCfg = Debug|x64
		{921797F5-6C33-4E9C-8406-CB51A75776EE}.Debug|x64.Build.0 = Debug|x64
		{921797F5-6C33-4E9C-8406-CB51A75776EE}.Debug|x86.ActiveCfg = Debug|Win32
		{921797F5-6C33-4E9C-8406-CB51A75776EE}.Debug|x86.Build.0 = Debug|Win32
		{921797F5-6C33-4E9C-8406-CB51A75776EE}.Release|x64.ActiveCfg = Release|x64
		{921797F5-6C33-4E9C-8406-CB51A75776EE}.Release|x64.Build.0 = Release|x64
		{921797F5-6C33-4E9C-8406-CB51A75776EE}.Release|x86.ActiveCfg = Release|Win32
		{921797F5-6C33-4E9C-8406-CB51A75776EE}.Release|x86.Build.0 = Release|Win32
		{06F6B7EC-4CED-49EC-979B-F0A9288BE5D9}.Debug|x64.ActiveCfg = Debug|x64
		{06F6B7EC-4CED-49EC-979B-F0A9288BE5D9}.Debug|x64.Build.0 = Debug|x64
		{06F6B7EC-4CED-49EC-979B-F0A9288BE5D9}.Debug|x86.ActiveCfg = Debug|Win32
		{06F6B7EC-4CED-49EC-979B-F0A9288BE5D9}.Debug|x86.Build.0 = Debug|Win32
		{06F6B7EC-4CED-49EC-979B-F0A9288BE5D9}.Release|x64.ActiveCfg = Release|x64
		{06F6B7EC-4CED-49EC-979B-F0A9288BE5D9}.Release|x64.Build.0 = Release|x64
		{06F6B7EC-4CED-49EC-979B-F0A9288BE5D9}.Release|x86.ActiveCfg = Release|Win32
		{06F6B7EC-4CED-49EC-979B-F0A9288BE5D9}.Release|x86.Build.0 = Release|Win32
		{838EF15E-54A9-4303-B20E-75A3E75CB01E}.Debug|x64.ActiveCfg = Debug|x64
		{838EF15E-54A9-4303-B20E-75A3E75CB01E}.Debug|x64.Build.0 = Debug|x64
		{838EF15E-54A9-4303-B20E-75A3E75CB01E}.Debug|x86.ActiveCfg = Debug|Win32
		{838EF15E-54A9-4303-B20E-75A3E75CB01E}.Debug|x86.Build.0 = Debug|Win32
		{838EF15E-54A9-4303-B20E-75A3E75CB01E}.Release|x64.ActiveCfg = Release|x64
		{838EF15E-54A9-4303-B20E-75A3E75CB01E}.Release|x64.Build.0 = Release|x64
		{838EF15E-54A9-4303-B20E-75A3E75CB01E}.Release|x86.ActiveCfg = Release|Win32
		{838EF15E-54A9-4303-B20E-75A3E75CB01E}.Release|x86.Build.0 = Release|Win32
		{AC167218-EBD4-4BBF-A6E7-9FAC3A16ED83}.Debug|x64.ActiveCfg = Debug|x64
		{AC167218-EBD4-4BBF-A6E7-9FAC3A16ED83}.Debug|x64.Build.0 = Debug|x64
		{AC167218-EBD4-4BBF-A6E7-9FAC3A16ED83}.Debug|x86.ActiveCfg = Debug|Win32
		{AC167218-EBD4-4BBF-A6E7-9FAC3A16ED83}.Debug|x86.Build.0 = Debug|Win32
		{AC167218-EBD4-4BBF-A6E7-9FAC3A16ED83}.Release|x64.ActiveCfg = Release|x64
		{AC167218-EBD4-4BBF-A6E7-9FAC3A16ED83}.Release|x64.Build.0 = Release|x64
		{AC167218-EBD4-4BBF-A6E7-9FAC3A16ED83}.Release|x86.ActiveCfg = Release|Win32
		{AC167218-EBD4-4BBF-A6E7-9FAC3A16ED83}.Release|x86.Build.0 = Release|Win32
		{3DFE4BD0-EEEF-4E08-9A11-8AE7611A7673}.Debug|x64.ActiveCfg = Debug|x64
		{3DFE4BD0-EEEF-4E08-9A11-8AE7611A7673}.Debug|x64.Build.0 = Debug|x64
		{3DFE4BD0-EEEF-4E08-9A11-8AE7611A7673}.Debug|x86.ActiveCfg = Debug|Win32
		{3DFE4BD0-EEEF-4E08-9A11-8AE7611A7673}.Debug|x86.Build.0 = Debug|Win32
		{3DFE4BD0-EEEF-4E08-9A11-8AE7611A7673}.Release|x64.ActiveCfg = Release|x64
		{3DFE4BD0-EEEF-4E08-9A11-8AE7611A7673}.Release|x64.Build.0 = Release|x64
		{3DFE4BD0-EEEF-4E08-9A11-8AE7611A7673}.Release|x86.ActiveCfg = Release|Win32
		{3DFE4BD0-EEEF-4E08-9A11-8AE7611A7673}.Release|x86.Build.0 = Release|Win32
		{2DD9040F-2BCA-4BD7-9D13-0961AD14AC9E}.Debug|x64.ActiveCfg = Debug|x64
		{2DD9040F-2BCA-4BD7-9D13-0961AD14AC9E}.Debug|x64.Build.0 = Debug|x64
		{2DD9040F-2BCA-4BD7-9D13-0961AD14AC9E}.Debug|x86.ActiveCfg = Debug|Win32
		{2DD9040F-2BCA-4BD7-9D13-0961AD14AC9E}.Debug|x86.Build.0 = Debug|Win32
		{2DD9040F-2BCA-4BD7-9D13-0961AD14AC9E}.Release|x64.ActiveCfg = Release|x64
		{2DD9040F-2BCA-4BD7-9D13-0961AD14AC9E}.Release|x64.Build.0 = Release|x64
		{2DD9040F-2BCA-4BD7-9D13-0961AD14AC9E}.Release|x86.ActiveCfg = Release|Win32
		{2DD9040F-2BCA-4BD7-9D13-0961AD14AC9E}.Release|x86.Build.0 = Release|Win32
		{565C4096-3F85-4295-9F75-808770894B82}.Debug|x64.ActiveCfg = Debug|x64
		{565C4096-3F85-4295-9F75-808770894B82}.Debug|x64.Build.0 = Debug|x64
		{565C4096-3F85-4295-9F75-808770894B82}.Debug|x86.ActiveCfg = Debug|Win32
		{565C4096-3F85-4295-9F75-808770894B82}.Debug|x86.Build.0 = Debug|Win32
		{565C4096-3F85-4295-9F75-808770894B82}.Release|x64.ActiveCfg = Release|x64
		{565C4096-3F85-4295-9F75-808770894B82}.Release|x64.Build.0 = Release|x64
		{565C4096-3F85-4295-9F75-808770894B82}.Release|x86.ActiveCfg = Release|Win32
		{565C4096-3F85-4295-9F75-808770894B82}.Release|x86.Build.0 = Release|Win32
		{CD5C846D-D09F-4266-9C7B-5FA6B631D01B}.Debug|x64.ActiveCfg = Debug|x64
		{CD5C846D-D09F-4266-9C7B-5FA6B631D01B}.Debug|x64.Build.0 = Debug|x64
		{CD5C846D-D09F-4266-9C7B-5FA6B631D01B}.Debug|x86.ActiveCfg = Debug|Win32
		{CD5C846D-D09F-4266-9C7B-5FA6B631D01B}.Debug|x86.Build.0 = Debug|Win32
		{CD5C846D-D09F-4266-9C7B-5FA6B631D01B}.Release|x64.ActiveCfg = Release|x64
		{CD5C846D-D09F-4266-9C7B-5FA6B631D01B}.Release|x64.Build.0 = Release|x64
		{CD5C846D-D09F-4266-9C7B-5FA6B631D01B}.Release|x86.ActiveCfg = Release|Win32
		{CD5C846D-D09F-4266-9C7B-5FA6B631D01B}.Release|x86.Build.0 = Release|Win32
		{21F8594B-8820-45FB-8422-AF748209EB3B}.Debug|x64.ActiveCfg = Debug|x64
		{21F8594B-8820-45FB-8422-AF748209EB3B}.Debug|x64.Build.0 = Debug|x64
		{21F8594B-8820-45FB-8422-AF748209EB3B}.Debug|x86.ActiveCfg = Debug|Win32
		{21F8594B-8820-45FB-8422-AF748209EB3B}.Debug|x86.Build.0 = Debug|Win32
		{21F8594B-8820-45FB-8422-AF748209EB3B}.Release|x64.ActiveCfg = Release|x64
		{21F8594B-8820-45FB-8422-AF748209EB3B}.Release|x64.Build.0 = Release|x64
		{21F8594B-8820-45FB-8422-AF748209EB3B}.Release|x86.ActiveCfg = Release|Win32
		{21F8594B-8820-45FB-8422-AF748209EB3B}.Release|x86.Build.0 = Release|Win32
		{C62DCF1C-DD8F-464D-A152-799EBD05EFAB}.Debug|x64.ActiveCfg = Debug|x64
		{C62DCF1C-DD8F-464D-A152-799EBD05EFAB}.Debug|x64.Build.0 = Debug|x64
		{C62DCF1C-DD8F-464D-A152-799EBD05EFAB}.Debug|x86.ActiveCfg = Debug|Win32
		{C62DCF1C-DD8F-464D-A152-799EBD05EFAB}.Debug|x86.Build.0 = Debug|Win32
		{C62DCF1C-DD8F-464D-A152-799EBD05EFAB}.Release|x64.ActiveCfg = Release|x64
		{C62DCF1C-DD8F-464D-A152-799EBD05EFAB}.Release|x64.Build.0 = Release|x64
		{C62DCF1C-DD8F-464D-A152-799EBD05EFAB}.Release|x86.ActiveCfg = Release|Win32
		{C62DCF1C-DD8F-464D-A152-799EBD05EFAB}.Release|x86.Build.0 = Release|Win32
		{717E161A-1BF5-4444-AD1F-6503B3E61C06}.Debug|x64.ActiveCfg = Debug|x64
		{717E161A-1BF5-4444-AD1F-6503B3E61C06}.Debug|x64.Build.0 = Debug|x64
		{717E161A-1BF5-4444-AD1F-6503B3E61C06}.Debug|x86.ActiveCfg = Debug|Win32
		{717E161A-1BF5-4444-AD1F-6503B3E61C06}.Debug|x86.Build.0 = Debug|Win32
		{717E161A-1BF5-4444-AD1F-6503B3E61C06}.Release|x64.ActiveCfg = Release|x64
		{717E161A-1BF5-4444-AD1F-6503B3E61C06}.Release|x64.Build.0 = Release|x64
		{717E161A-1BF5-4444-AD1F-6503B3E61C06}.Release|x86.ActiveCfg = Release|Win32
		{717E161A-1BF5-4444-AD1F-6503B3E61C06}.Release|x86.Build.0 = Release|Win32
		{D635D422-9275-468E-9663-BA2CEA7141CC}.Debug|x64.ActiveCfg = Debug|x64
		{D635D422-9275-468E-9663-BA2CEA7141CC}.Debug|x64.Build.0 = Debug|x64
		{D635D422-9275-468E-9663-BA2CEA7141CC}.Debug|x86.ActiveCfg = Debug|Win32
		{D635D422-9275-468E-9663-BA2CEA7141CC}.Debug|x86.Build.0 = Debug|Win32
		{D635D422-9275-468E-9663-BA2CEA7141CC}.Release|x64.ActiveCfg = Release|x64
		{D635D422-9275-468E-9663-BA2CEA7141CC}.Release|x64.Build.0 = Release|x64
		{D635D422-9275-468E-9663-BA2CEA7141CC}.Release|x86.ActiveCfg = Release|Win32
		{D635D422-9275-468E-9663-BA2CEA7141CC}.Release|x86.Build.0 = Release|Win32
		{0527B5CA-4C5B-4040-AAAB-4B7F5B5AA67F}.Debug|x64.ActiveCfg = Debug|x64
		{0527B5CA-4C5B-4040-AAAB-4B7F5B5AA67F}.Debug|x64.Build.0 = Debug|x64
		{0527B5CA-4C5B-4040-AAAB-4B7F5B5AA67F}.Debug|x86.ActiveCfg = Debug|Win32
		{0527B5CA-4C5B-4040-AAAB-4B7F5B5AA67F}.Debug|x86.Build.0 = Debug|Win32
		{0527B5CA-4C5B-4040-AAAB-4B7F5B5AA67F}.Release|x64.ActiveCfg = Release|x64
		{0527B5CA-4C5B-4040-AAAB-4B7F5B5AA67F}.Release|x64.Build.0 = Release|x64
		{0527B5CA-4C5B-4040-AAAB-4B7F5B5AA67F}.Release|x86.ActiveCfg = Release|Win32
		{0527B5CA-4C5B-4040-AAAB-4B7F5B5AA67F}.Release|x86.Build.0 = Release|Win32
		{62AAC134-EAC8-4676-9E37-496BC4355B16}.Debug|x64.ActiveCfg = Debug|x64
		{62AAC134-EAC8-4676-9E37-496BC4355B16}.Debug|x64.Build.0 = Debug|x64
		{62AAC134-EAC8-4676-9E37-496BC4355B16}.Debug|x86.ActiveCfg = Debug|Win32
		{62AAC134-EAC8-4676-9E37-496BC4355B16}.Debug|x86.Build.0 = Debug|Win32
		{62AAC134-EAC8-4676-9E37-496BC4355B16}.Release|x64.ActiveCfg = Release|x64
		{62AAC134-EAC8-4676-9E37-496BC4355B16}.Release|x64.Build.0 = Release|x64
		{62AAC134-EAC8-4676-9E37-496BC4355B16}.Release|x86.ActiveCfg = Release|Win32
		{62AAC134-EAC8-4676-9E37-496BC4355B16}.Release|x86.Build.0 = Release|Win32
		{A77E31BD-BB18-4E12-81A1-D6FDE99C47BF}.Debug|x64.ActiveCfg = Debug|x64
		{A77E31BD-BB18-4E12-81A1-D6FDE99C47BF}.Debug|x64.Build.0 = Debug|x64
		{A77E31BD-BB18-4E12-81A1-D6FDE99C47BF}.Debug|x86.ActiveCfg = Debug|Win32
		{A77E31BD-BB18-4E12-81A1-D6FDE99C47BF}.Debug|x86.Build.0 = Debug|Win32
		{A77E31BD-BB18-4E12-81A1-D6FDE99C47BF}.Release|x64.ActiveCfg = Release|x64
		{A77E31BD-BB18-4E12-81A1-D6FDE99C47BF}.Release|x64.Build.0 = Release|x64
		{A77E31BD-BB18-4E12-81A1-D6FDE99C47BF}.Release|x86.ActiveCfg = Release|Win32
		{A77E31BD-BB18-4E12-81A1-D6FDE99C47BF}.Release|x86.Build.0 = Release|Win32
		{14628135-79DD-4239-8DDA-09DCF6386C25}.Debug|x64.ActiveCfg = Debug|x64
		{14628135-79DD-4239-8DDA-09DCF6386C25}.Debug|x64.Build.0 = Debug|x64
		{14628135-79DD-4239-8DDA-09DCF6386C25}.Debug|x86.ActiveCfg = Debug|Win32
		{14628135-79DD-4239-8DDA-09DCF6386C25}.Debug|x86.Build.0 = Debug|Win32
		{14628135-79DD-4239-8DDA-09DCF6386C25}.Release|x64.ActiveCfg = Release|x64
		{14628135-79DD-4239-8DDA-09DCF6386C25}.Release|x64.Build.0 = Release|x64
		{14628135-79DD-4239-8DDA-09DCF6386C25}.Release|x86.ActiveCfg = Release|Win32
		{14628135-79DD-4239-8DDA-09DCF6386C25}.Release|x86.Build.0 = Release|Win32
		{D2202D54-A4F5-43CF-8F2C-D8B2E6E4BA31}.Debug|x64.ActiveCfg = Debug|x64
		{D2202D54-A4F5-43CF-8F2C-D8B2E6E4BA31}.Debug|x64.Build.0 = Debug|x64
		{D2202D54-A4F5-43CF-8F2C-D8B2E6E4BA31}.Debug|x86.ActiveCfg = Debug|Win32
		{D2202D54-A4F5-43CF-8F2C-D8B2E6E4BA31}.Debug|x86.Build.0 = Debug|Win32
		{D2202D54-A4F5-43CF-8F2C-D8B2E6E4BA31}.Release|x64.ActiveCfg = Release|x64
		{D2202D54-A4F5-43CF-8F2C-D8B2E6E4BA31}.Release|x64.Build.0 = Release|x64
		{D2202D54-A4F5-43CF-8F2C-D8B2E6E4BA31}.Release|x86.ActiveCfg = Release|Win32
		{D2202D54-A4F5-43CF-8F2C-D8B2E6E4BA31}.Release|x86.Build.0 = Release|Win32
		{3930C5E3-2BBC-4BF7-99BC-55433B5EB45D}.Debug|x64.ActiveCfg = Debug|x64
		{3930C5E3-2BBC-4BF7-99BC-55433B5EB45D}.Debug|x64.Build.0 = Debug|x64
		{3930C5E3-2BBC-4BF7-99BC-55433B5EB45D}.Debug|x86.ActiveCfg = Debug|Win32
		{3930C5E3-2BBC-4BF7-99BC-55433B5EB45D}.Debug|x86.Build.0 = Debug|Win32
		{3930C5E3-2BBC-4BF7-99BC-55433B5EB45D}.Release|x64.ActiveCfg = Release|x64
		{3930C5E3-2BBC-4BF7-99BC-55433B5EB45D}.Release|x64.Build.0 = Release|x64
		{3930C5E3-2BBC-4BF7-99BC-55433B5EB45D}.Release|x86.ActiveCfg = Release|Win32
		{3930C5E3-2BBC-4BF7-99BC-55433B5EB45D}.Release|x86.Build.0 = Release|Win32
		{FD2555B6-7E13-46F3-BAA2-67C56D892AB9}.Debug|x64.ActiveCfg = Debug|x64
		{FD2555B6-7E13-46F3-BAA2-67C56D892AB9}.Debug|x64.Build.0 = Debug|x64
		{FD2555B6-7E13-46F3-BAA2-67C56D892AB9}.Debug|x86.ActiveCfg = Debug|Win32
		{FD2555B6-7E13-46F3-BAA2-67C56D892AB9}.Debug|x86.Build.0 = Debug|Win32
		{FD2555B6-7E13-46F3-BAA2-67C56D892AB9}.Release|x64.ActiveCfg = Release|x64
		{FD2555B6-7E13-46F3-BAA2-67C56D892AB9}.Release|x64.Build.0 = Release|x64
		{FD2555B6-7E13-46F3-BAA2-67C56D892AB9}.Release|x86.ActiveCfg = Release|Win32
		{FD2555B6-7E13-46F3-BAA2-67C56D892AB9}.Release|x86.Build.0 = Release|Win32
		{B21607C6-5FDC-4391-872F-C4795A881978}.Debug|x64.ActiveCfg = Debug|x64
		{B21607C6-5FDC-4391-872F-C4795A881978}.Debug|x64.Build.0 = Debug|x64
		{B21607C6-5FDC-4391-872F-C4795A881978}.Debug|x86.ActiveCfg = Debug|Win32
		{B21607C6-5FDC-4391-872F-C4795A881978}.Debug|x86.Build.0 = Debug|Win32
		{B21607C6-5FDC-4391-872F-C4795A881978}.Release|x64.ActiveCfg = Release|x64
		{B21607C6-5FDC-4391-872F-C4795A881978}.Release|x64.Build.0 = Release|x64
		{B21607C6-5FDC-4391-872F-C4795A881978}.Release|x86.ActiveCfg = Release|Win32
		{B21607C6-5FDC-4391-872F-C4795A881978}.Release|x86.Build.0 = Release|Win32
		{D4224F5E-5C08-47F8-B82B-4C57D7F9E402}.Debug|x64.ActiveCfg = Debug|x64
		{D4224F5E-5C08-47F8-B82B-4C57D7F9E402}.Debug|x64.Build.0 = Debug|x64
		{D4224F5E-5C08-47F8-B82B-4C57D7F9E402}.Debug|x86.ActiveCfg = Debug|Win32
		{D4224F5E-5C08-47F8-B82B-4C57D7F9E402}.Debug|x86.Build.0 = Debug|Win32
		{D4224F5E-5C08-47F8-B82B-4C57D7F9E402}.Release|x64.ActiveCfg = Release|x64
		{D4224F5E-5C08-47F8-B82B-4C57D7F9E402}.Release|x64.Build.0 = Release|x64
		{D4224F5E-5C08-47F8-B82B-4C57D7F9E402}.Release|x86.ActiveCfg = Release|Win32
		{D4224F5E-5C08-47F8-B82B-4C57D7F9E402}.Release|x86.Build.0 = Release|Win32
		{D29935FE-A97E-47C0-AA32-A44D829D6035}.Debug|x64.ActiveCfg = Debug|x64
		{D29935FE-A97E-47C0-AA32-A44D829D6035}.Debug|x64.Build.0 = Debug|x64
		{D29935FE-A97E-47C0-AA32-A44D829D6035}.Debug|x86.ActiveCfg = Debug|Win32
		{D29935FE-A97E-47C0-AA32-A44D829D6035}.Debug|x86.Build.0 = Debug|Win32
		{D29935FE-A97E-47C0-AA32-A44D829D6035}.Release|x64.ActiveCfg = Release|x64
		{D29935FE-A97E-47C0-AA32-A44D829D6035}.Release|x64.Build.0 = Release|x64
		{D29935FE-A97E-47C0-AA32-A44D829D6035}.Release|x86.ActiveCfg = Release|Win32
		{D29935FE-A97E-47C0-AA32-A44D829D6035}.Release|x86.Build.0 = Release|Win32
		{038648DD-256E-497B-878E-48F38DD16E55}.Debug|x64.ActiveCfg = Debug|x64
		{038648DD-256E-497B-878E-48F38DD16E55}.Debug|x64.Build.0 = Debug|x64
		{038648DD-256E-497B-878E-48F38DD16E55}.Debug|x86.ActiveCfg = Debug|Win32
		{038648DD-256E-497B-878E-48F38DD16E55}.Debug|x86.Build.0 = Debug|Win32
		{038648DD-256E-497B-878E-48F38DD16E55}.Release|x64.ActiveCfg = Release|x64
		{038648DD-256E-497B-878E-48F38DD16E55}.Release|x64.Build.0 = Release|x64
		{038648DD-256E-497B-878E-48F38DD16E55}.Release|x86.ActiveCfg = Release|Win32
		{038648DD-256E-497B-878E-48F38DD16E55}.Release|x86.Build.0 = Release|Win32
		{3463CF63-8FDE-49E1-AC33-F7493E321563}.Debug|x64.ActiveCfg = Debug|x64
		{3463CF63-8FDE-49E1-AC33-F7493E321563}.Debug|x64.Build.0 = Debug|x64
		{3463CF63-8FDE-49E1-AC33-F7493E321563}.Debug|x86.ActiveCfg = Debug|Win32
		{3463CF63-8FDE-49E1-AC33-F7493E321563}.Debug|x86.Build.0 = Debug|Win32
		{3463CF63-8FDE-49E1-AC33-F7493E321563}.Release|x64.ActiveCfg = Release|x64
		{3463CF63-8FDE-49E1-AC33-F7493E321563}.Release|x64.Build.0 = Release|x64
		{3463CF63-8FDE-49E1-AC33-F7493E321563}.Release|x86.ActiveCfg = Release|Win32
		{3463CF63-8FDE-49E1-AC33-F7493E321563}.Release|x86.Build.0 = Release|Win32
	EndGlobalSection
	GlobalSection(SolutionProperties) = preSolution
		HideSolutionNode = FALSE
	EndGlobalSection
	GlobalSection(ExtensibilityGlobals) = postSolution
		SolutionGuid = {73DFADE1-CC3B-4528-86E4-AED9217C09F3}
	EndGlobalSection
EndGlobal
